
Microsoft Visual Studio Solution File, Format Version 12.00
# Visual Studio 15
VisualStudioVersion = 15.0.28307.136
MinimumVisualStudioVersion = 10.0.40219.1
Project("{9A19103F-16F7-4668-BE54-9A1E7A4F7556}") = "BikeSharing.Models", "BikeSharing.Models\BikeSharing.Models.csproj", "{E6E1E2CA-8894-42A8-8C2D-6E4E46B0FDCE}"
EndProject
Project("{2150E333-8FDC-42A3-9474-1A3956D46DE8}") = "Simulator", "Simulator", "{5639C744-CF5B-43FC-A552-D3C47B501398}"
EndProject
Project("{2150E333-8FDC-42A3-9474-1A3956D46DE8}") = "Models", "Models", "{87BA04A1-FD90-48EF-88D3-0B62620A29B3}"
EndProject
Project("{9A19103F-16F7-4668-BE54-9A1E7A4F7556}") = "BikeSharing.BikeSimulator", "BikeSharing.BikeSimulator\BikeSharing.BikeSimulator.csproj", "{8B3E204C-EDFB-44D8-AB50-7486165B5EB6}"
EndProject
Project("{2150E333-8FDC-42A3-9474-1A3956D46DE8}") = "Gateway", "Gateway", "{45739CE2-9A23-42E4-B9C1-69B93E5194B6}"
EndProject
Project("{2150E333-8FDC-42A3-9474-1A3956D46DE8}") = "Monitoring", "Monitoring", "{5B2CC1B4-D949-4464-8CC6-211D491B2F27}"
EndProject
Project("{9A19103F-16F7-4668-BE54-9A1E7A4F7556}") = "BikeSharing.Web.Server", "BikeSharing.Web.Server\BikeSharing.Web.Server.csproj", "{6EC3ABD9-5EDD-4CCF-9244-DCD81C16C2FB}"
EndProject
Project("{9A19103F-16F7-4668-BE54-9A1E7A4F7556}") = "BikeSharing.Web.App", "BikeSharing.Web.App\BikeSharing.Web.App.csproj", "{E82C7446-E1FC-48D4-B2FE-2AFA9B2801E5}"
EndProject
Project("{2150E333-8FDC-42A3-9474-1A3956D46DE8}") = "StreamProcessing", "StreamProcessing", "{7D6D301E-8727-4C55-B75F-EC014EF8C5B0}"
EndProject
Project("{9A19103F-16F7-4668-BE54-9A1E7A4F7556}") = "BikeSharing.StreamService", "BikeSharing.StreamService\BikeSharing.StreamService.csproj", "{1B73C4FD-07A0-4F04-8110-99C95F2C0A04}"
EndProject
Project("{2150E333-8FDC-42A3-9474-1A3956D46DE8}") = "PhoneApp", "PhoneApp", "{A49513F2-2667-4128-8B1C-18086676E7E6}"
EndProject
Project("{FAE04EC0-301F-11D3-BF4B-00C04F79EFBC}") = "BikeSharing.MobileApp.Android", "BikeSharing.MobileApp\BikeSharing.MobileApp.Android\BikeSharing.MobileApp.Android.csproj", "{D363FCCB-DE62-485B-8259-3063E268F58D}"
EndProject
Project("{FAE04EC0-301F-11D3-BF4B-00C04F79EFBC}") = "BikeSharing.MobileApp.iOS", "BikeSharing.MobileApp\BikeSharing.MobileApp.iOS\BikeSharing.MobileApp.iOS.csproj", "{8ACA4805-56CB-4F73-8DEB-85430CC47D0A}"
EndProject
Project("{FAE04EC0-301F-11D3-BF4B-00C04F79EFBC}") = "BikeSharing.MobileApp.UWP", "BikeSharing.MobileApp\BikeSharing.MobileApp.UWP\BikeSharing.MobileApp.UWP.csproj", "{22F5E16A-9F6D-4D9C-BA2A-2E0E58C4B472}"
EndProject
Project("{9A19103F-16F7-4668-BE54-9A1E7A4F7556}") = "BikeSharing.MobileApp", "BikeSharing.MobileApp\BikeSharing.MobileApp\BikeSharing.MobileApp.csproj", "{3D17B6B3-8DC6-4900-9664-49A047465538}"
EndProject
Project("{2150E333-8FDC-42A3-9474-1A3956D46DE8}") = "Helpers", "Helpers", "{10895888-C98B-4D08-BC26-1301ACC495EE}"
EndProject
Project("{FAE04EC0-301F-11D3-BF4B-00C04F79EFBC}") = "QRCodeGenerator", "QRCodeGenerator\QRCodeGenerator.csproj", "{3187AFCF-BBCE-4A66-B0B7-1D53D19D9B2E}"
EndProject
Project("{9A19103F-16F7-4668-BE54-9A1E7A4F7556}") = "BikeSharing.Tools", "BikeSharing.Tools\BikeSharing.Tools.csproj", "{422C9154-2AF0-4702-AF1D-39FFDAB7D755}"
EndProject
Project("{FAE04EC0-301F-11D3-BF4B-00C04F79EFBC}") = "BikeSharing.WinIoTSimulator", "BikeSharing.WinIoTSimulator\BikeSharing.WinIoTSimulator.csproj", "{B1448B39-8BAA-4922-BD1B-8FC1D1B9EEAB}"
EndProject
Project("{FAE04EC0-301F-11D3-BF4B-00C04F79EFBC}") = "GrovePi", "GrovePi\GrovePi.csproj", "{A667742A-B887-4B46-8EC1-C671E8BEC5E4}"
EndProject
Project("{2150E333-8FDC-42A3-9474-1A3956D46DE8}") = "PhoneSimulator", "PhoneSimulator", "{519380E4-B74F-446A-8B0A-3643BBC07367}"
EndProject
Project("{FAE04EC0-301F-11D3-BF4B-00C04F79EFBC}") = "BikeSharing.PhoneSimulator.Android", "BikeSharing.PhoneSimulator\BikeSharing.PhoneSimulator.Android\BikeSharing.PhoneSimulator.Android.csproj", "{B4380EF8-2211-4AF1-A05F-AFF9B3168182}"
EndProject
Project("{9A19103F-16F7-4668-BE54-9A1E7A4F7556}") = "BikeSharing.PhoneSimulator", "BikeSharing.PhoneSimulator\BikeSharing.PhoneSimulator\BikeSharing.PhoneSimulator.csproj", "{EBAB80E2-D817-4257-8F6D-15C28691C1B0}"
EndProject
Project("{2150E333-8FDC-42A3-9474-1A3956D46DE8}") = "Services", "Services", "{FCDB6F22-5342-4C1A-A4E2-928661C9859E}"
EndProject
Project("{FAE04EC0-301F-11D3-BF4B-00C04F79EFBC}") = "BikeSharing.Services", "BikeSharing.Services\BikeSharing.Services.csproj", "{74A0590A-9D5C-4873-9709-9C74636F0CB2}"
EndProject
Global
	GlobalSection(SolutionConfigurationPlatforms) = preSolution
		Ad-Hoc|Any CPU = Ad-Hoc|Any CPU
		Ad-Hoc|ARM = Ad-Hoc|ARM
		Ad-Hoc|ARM64 = Ad-Hoc|ARM64
		Ad-Hoc|iPhone = Ad-Hoc|iPhone
		Ad-Hoc|iPhoneSimulator = Ad-Hoc|iPhoneSimulator
		Ad-Hoc|x64 = Ad-Hoc|x64
		Ad-Hoc|x86 = Ad-Hoc|x86
		AppStore|Any CPU = AppStore|Any CPU
		AppStore|ARM = AppStore|ARM
		AppStore|ARM64 = AppStore|ARM64
		AppStore|iPhone = AppStore|iPhone
		AppStore|iPhoneSimulator = AppStore|iPhoneSimulator
		AppStore|x64 = AppStore|x64
		AppStore|x86 = AppStore|x86
		Debug|Any CPU = Debug|Any CPU
		Debug|ARM = Debug|ARM
		Debug|ARM64 = Debug|ARM64
		Debug|iPhone = Debug|iPhone
		Debug|iPhoneSimulator = Debug|iPhoneSimulator
		Debug|x64 = Debug|x64
		Debug|x86 = Debug|x86
		Release|Any CPU = Release|Any CPU
		Release|ARM = Release|ARM
		Release|ARM64 = Release|ARM64
		Release|iPhone = Release|iPhone
		Release|iPhoneSimulator = Release|iPhoneSimulator
		Release|x64 = Release|x64
		Release|x86 = Release|x86
	EndGlobalSection
	GlobalSection(ProjectConfigurationPlatforms) = postSolution
		{E6E1E2CA-8894-42A8-8C2D-6E4E46B0FDCE}.Ad-Hoc|Any CPU.ActiveCfg = Release|Any CPU
		{E6E1E2CA-8894-42A8-8C2D-6E4E46B0FDCE}.Ad-Hoc|Any CPU.Build.0 = Release|Any CPU
		{E6E1E2CA-8894-42A8-8C2D-6E4E46B0FDCE}.Ad-Hoc|ARM.ActiveCfg = Release|Any CPU
		{E6E1E2CA-8894-42A8-8C2D-6E4E46B0FDCE}.Ad-Hoc|ARM.Build.0 = Release|Any CPU
		{E6E1E2CA-8894-42A8-8C2D-6E4E46B0FDCE}.Ad-Hoc|ARM64.ActiveCfg = Debug|Any CPU
		{E6E1E2CA-8894-42A8-8C2D-6E4E46B0FDCE}.Ad-Hoc|ARM64.Build.0 = Debug|Any CPU
		{E6E1E2CA-8894-42A8-8C2D-6E4E46B0FDCE}.Ad-Hoc|iPhone.ActiveCfg = Release|Any CPU
		{E6E1E2CA-8894-42A8-8C2D-6E4E46B0FDCE}.Ad-Hoc|iPhone.Build.0 = Release|Any CPU
		{E6E1E2CA-8894-42A8-8C2D-6E4E46B0FDCE}.Ad-Hoc|iPhoneSimulator.ActiveCfg = Release|Any CPU
		{E6E1E2CA-8894-42A8-8C2D-6E4E46B0FDCE}.Ad-Hoc|iPhoneSimulator.Build.0 = Release|Any CPU
		{E6E1E2CA-8894-42A8-8C2D-6E4E46B0FDCE}.Ad-Hoc|x64.ActiveCfg = Release|Any CPU
		{E6E1E2CA-8894-42A8-8C2D-6E4E46B0FDCE}.Ad-Hoc|x64.Build.0 = Release|Any CPU
		{E6E1E2CA-8894-42A8-8C2D-6E4E46B0FDCE}.Ad-Hoc|x86.ActiveCfg = Release|Any CPU
		{E6E1E2CA-8894-42A8-8C2D-6E4E46B0FDCE}.Ad-Hoc|x86.Build.0 = Release|Any CPU
		{E6E1E2CA-8894-42A8-8C2D-6E4E46B0FDCE}.AppStore|Any CPU.ActiveCfg = Release|Any CPU
		{E6E1E2CA-8894-42A8-8C2D-6E4E46B0FDCE}.AppStore|Any CPU.Build.0 = Release|Any CPU
		{E6E1E2CA-8894-42A8-8C2D-6E4E46B0FDCE}.AppStore|ARM.ActiveCfg = Release|Any CPU
		{E6E1E2CA-8894-42A8-8C2D-6E4E46B0FDCE}.AppStore|ARM.Build.0 = Release|Any CPU
		{E6E1E2CA-8894-42A8-8C2D-6E4E46B0FDCE}.AppStore|ARM64.ActiveCfg = Debug|Any CPU
		{E6E1E2CA-8894-42A8-8C2D-6E4E46B0FDCE}.AppStore|ARM64.Build.0 = Debug|Any CPU
		{E6E1E2CA-8894-42A8-8C2D-6E4E46B0FDCE}.AppStore|iPhone.ActiveCfg = Release|Any CPU
		{E6E1E2CA-8894-42A8-8C2D-6E4E46B0FDCE}.AppStore|iPhone.Build.0 = Release|Any CPU
		{E6E1E2CA-8894-42A8-8C2D-6E4E46B0FDCE}.AppStore|iPhoneSimulator.ActiveCfg = Release|Any CPU
		{E6E1E2CA-8894-42A8-8C2D-6E4E46B0FDCE}.AppStore|iPhoneSimulator.Build.0 = Release|Any CPU
		{E6E1E2CA-8894-42A8-8C2D-6E4E46B0FDCE}.AppStore|x64.ActiveCfg = Release|Any CPU
		{E6E1E2CA-8894-42A8-8C2D-6E4E46B0FDCE}.AppStore|x64.Build.0 = Release|Any CPU
		{E6E1E2CA-8894-42A8-8C2D-6E4E46B0FDCE}.AppStore|x86.ActiveCfg = Release|Any CPU
		{E6E1E2CA-8894-42A8-8C2D-6E4E46B0FDCE}.AppStore|x86.Build.0 = Release|Any CPU
		{E6E1E2CA-8894-42A8-8C2D-6E4E46B0FDCE}.Debug|Any CPU.ActiveCfg = Debug|Any CPU
		{E6E1E2CA-8894-42A8-8C2D-6E4E46B0FDCE}.Debug|Any CPU.Build.0 = Debug|Any CPU
		{E6E1E2CA-8894-42A8-8C2D-6E4E46B0FDCE}.Debug|ARM.ActiveCfg = Debug|Any CPU
		{E6E1E2CA-8894-42A8-8C2D-6E4E46B0FDCE}.Debug|ARM.Build.0 = Debug|Any CPU
		{E6E1E2CA-8894-42A8-8C2D-6E4E46B0FDCE}.Debug|ARM64.ActiveCfg = Debug|Any CPU
		{E6E1E2CA-8894-42A8-8C2D-6E4E46B0FDCE}.Debug|ARM64.Build.0 = Debug|Any CPU
		{E6E1E2CA-8894-42A8-8C2D-6E4E46B0FDCE}.Debug|iPhone.ActiveCfg = Debug|Any CPU
		{E6E1E2CA-8894-42A8-8C2D-6E4E46B0FDCE}.Debug|iPhone.Build.0 = Debug|Any CPU
		{E6E1E2CA-8894-42A8-8C2D-6E4E46B0FDCE}.Debug|iPhoneSimulator.ActiveCfg = Debug|Any CPU
		{E6E1E2CA-8894-42A8-8C2D-6E4E46B0FDCE}.Debug|iPhoneSimulator.Build.0 = Debug|Any CPU
		{E6E1E2CA-8894-42A8-8C2D-6E4E46B0FDCE}.Debug|x64.ActiveCfg = Debug|Any CPU
		{E6E1E2CA-8894-42A8-8C2D-6E4E46B0FDCE}.Debug|x64.Build.0 = Debug|Any CPU
		{E6E1E2CA-8894-42A8-8C2D-6E4E46B0FDCE}.Debug|x86.ActiveCfg = Debug|Any CPU
		{E6E1E2CA-8894-42A8-8C2D-6E4E46B0FDCE}.Debug|x86.Build.0 = Debug|Any CPU
		{E6E1E2CA-8894-42A8-8C2D-6E4E46B0FDCE}.Release|Any CPU.ActiveCfg = Release|Any CPU
		{E6E1E2CA-8894-42A8-8C2D-6E4E46B0FDCE}.Release|Any CPU.Build.0 = Release|Any CPU
		{E6E1E2CA-8894-42A8-8C2D-6E4E46B0FDCE}.Release|ARM.ActiveCfg = Release|Any CPU
		{E6E1E2CA-8894-42A8-8C2D-6E4E46B0FDCE}.Release|ARM.Build.0 = Release|Any CPU
		{E6E1E2CA-8894-42A8-8C2D-6E4E46B0FDCE}.Release|ARM64.ActiveCfg = Release|Any CPU
		{E6E1E2CA-8894-42A8-8C2D-6E4E46B0FDCE}.Release|ARM64.Build.0 = Release|Any CPU
		{E6E1E2CA-8894-42A8-8C2D-6E4E46B0FDCE}.Release|iPhone.ActiveCfg = Release|Any CPU
		{E6E1E2CA-8894-42A8-8C2D-6E4E46B0FDCE}.Release|iPhone.Build.0 = Release|Any CPU
		{E6E1E2CA-8894-42A8-8C2D-6E4E46B0FDCE}.Release|iPhoneSimulator.ActiveCfg = Release|Any CPU
		{E6E1E2CA-8894-42A8-8C2D-6E4E46B0FDCE}.Release|iPhoneSimulator.Build.0 = Release|Any CPU
		{E6E1E2CA-8894-42A8-8C2D-6E4E46B0FDCE}.Release|x64.ActiveCfg = Release|Any CPU
		{E6E1E2CA-8894-42A8-8C2D-6E4E46B0FDCE}.Release|x64.Build.0 = Release|Any CPU
		{E6E1E2CA-8894-42A8-8C2D-6E4E46B0FDCE}.Release|x86.ActiveCfg = Release|Any CPU
		{E6E1E2CA-8894-42A8-8C2D-6E4E46B0FDCE}.Release|x86.Build.0 = Release|Any CPU
		{8B3E204C-EDFB-44D8-AB50-7486165B5EB6}.Ad-Hoc|Any CPU.ActiveCfg = Release|Any CPU
		{8B3E204C-EDFB-44D8-AB50-7486165B5EB6}.Ad-Hoc|Any CPU.Build.0 = Release|Any CPU
		{8B3E204C-EDFB-44D8-AB50-7486165B5EB6}.Ad-Hoc|ARM.ActiveCfg = Release|Any CPU
		{8B3E204C-EDFB-44D8-AB50-7486165B5EB6}.Ad-Hoc|ARM.Build.0 = Release|Any CPU
		{8B3E204C-EDFB-44D8-AB50-7486165B5EB6}.Ad-Hoc|ARM64.ActiveCfg = Debug|Any CPU
		{8B3E204C-EDFB-44D8-AB50-7486165B5EB6}.Ad-Hoc|ARM64.Build.0 = Debug|Any CPU
		{8B3E204C-EDFB-44D8-AB50-7486165B5EB6}.Ad-Hoc|iPhone.ActiveCfg = Release|Any CPU
		{8B3E204C-EDFB-44D8-AB50-7486165B5EB6}.Ad-Hoc|iPhone.Build.0 = Release|Any CPU
		{8B3E204C-EDFB-44D8-AB50-7486165B5EB6}.Ad-Hoc|iPhoneSimulator.ActiveCfg = Release|Any CPU
		{8B3E204C-EDFB-44D8-AB50-7486165B5EB6}.Ad-Hoc|iPhoneSimulator.Build.0 = Release|Any CPU
		{8B3E204C-EDFB-44D8-AB50-7486165B5EB6}.Ad-Hoc|x64.ActiveCfg = Release|Any CPU
		{8B3E204C-EDFB-44D8-AB50-7486165B5EB6}.Ad-Hoc|x64.Build.0 = Release|Any CPU
		{8B3E204C-EDFB-44D8-AB50-7486165B5EB6}.Ad-Hoc|x86.ActiveCfg = Release|Any CPU
		{8B3E204C-EDFB-44D8-AB50-7486165B5EB6}.Ad-Hoc|x86.Build.0 = Release|Any CPU
		{8B3E204C-EDFB-44D8-AB50-7486165B5EB6}.AppStore|Any CPU.ActiveCfg = Release|Any CPU
		{8B3E204C-EDFB-44D8-AB50-7486165B5EB6}.AppStore|Any CPU.Build.0 = Release|Any CPU
		{8B3E204C-EDFB-44D8-AB50-7486165B5EB6}.AppStore|ARM.ActiveCfg = Release|Any CPU
		{8B3E204C-EDFB-44D8-AB50-7486165B5EB6}.AppStore|ARM.Build.0 = Release|Any CPU
		{8B3E204C-EDFB-44D8-AB50-7486165B5EB6}.AppStore|ARM64.ActiveCfg = Debug|Any CPU
		{8B3E204C-EDFB-44D8-AB50-7486165B5EB6}.AppStore|ARM64.Build.0 = Debug|Any CPU
		{8B3E204C-EDFB-44D8-AB50-7486165B5EB6}.AppStore|iPhone.ActiveCfg = Release|Any CPU
		{8B3E204C-EDFB-44D8-AB50-7486165B5EB6}.AppStore|iPhone.Build.0 = Release|Any CPU
		{8B3E204C-EDFB-44D8-AB50-7486165B5EB6}.AppStore|iPhoneSimulator.ActiveCfg = Release|Any CPU
		{8B3E204C-EDFB-44D8-AB50-7486165B5EB6}.AppStore|iPhoneSimulator.Build.0 = Release|Any CPU
		{8B3E204C-EDFB-44D8-AB50-7486165B5EB6}.AppStore|x64.ActiveCfg = Release|Any CPU
		{8B3E204C-EDFB-44D8-AB50-7486165B5EB6}.AppStore|x64.Build.0 = Release|Any CPU
		{8B3E204C-EDFB-44D8-AB50-7486165B5EB6}.AppStore|x86.ActiveCfg = Release|Any CPU
		{8B3E204C-EDFB-44D8-AB50-7486165B5EB6}.AppStore|x86.Build.0 = Release|Any CPU
		{8B3E204C-EDFB-44D8-AB50-7486165B5EB6}.Debug|Any CPU.ActiveCfg = Debug|Any CPU
		{8B3E204C-EDFB-44D8-AB50-7486165B5EB6}.Debug|Any CPU.Build.0 = Debug|Any CPU
		{8B3E204C-EDFB-44D8-AB50-7486165B5EB6}.Debug|ARM.ActiveCfg = Debug|Any CPU
		{8B3E204C-EDFB-44D8-AB50-7486165B5EB6}.Debug|ARM.Build.0 = Debug|Any CPU
		{8B3E204C-EDFB-44D8-AB50-7486165B5EB6}.Debug|ARM64.ActiveCfg = Debug|Any CPU
		{8B3E204C-EDFB-44D8-AB50-7486165B5EB6}.Debug|ARM64.Build.0 = Debug|Any CPU
		{8B3E204C-EDFB-44D8-AB50-7486165B5EB6}.Debug|iPhone.ActiveCfg = Debug|Any CPU
		{8B3E204C-EDFB-44D8-AB50-7486165B5EB6}.Debug|iPhone.Build.0 = Debug|Any CPU
		{8B3E204C-EDFB-44D8-AB50-7486165B5EB6}.Debug|iPhoneSimulator.ActiveCfg = Debug|Any CPU
		{8B3E204C-EDFB-44D8-AB50-7486165B5EB6}.Debug|iPhoneSimulator.Build.0 = Debug|Any CPU
		{8B3E204C-EDFB-44D8-AB50-7486165B5EB6}.Debug|x64.ActiveCfg = Debug|Any CPU
		{8B3E204C-EDFB-44D8-AB50-7486165B5EB6}.Debug|x64.Build.0 = Debug|Any CPU
		{8B3E204C-EDFB-44D8-AB50-7486165B5EB6}.Debug|x86.ActiveCfg = Debug|Any CPU
		{8B3E204C-EDFB-44D8-AB50-7486165B5EB6}.Debug|x86.Build.0 = Debug|Any CPU
		{8B3E204C-EDFB-44D8-AB50-7486165B5EB6}.Release|Any CPU.ActiveCfg = Release|Any CPU
		{8B3E204C-EDFB-44D8-AB50-7486165B5EB6}.Release|Any CPU.Build.0 = Release|Any CPU
		{8B3E204C-EDFB-44D8-AB50-7486165B5EB6}.Release|ARM.ActiveCfg = Release|Any CPU
		{8B3E204C-EDFB-44D8-AB50-7486165B5EB6}.Release|ARM.Build.0 = Release|Any CPU
		{8B3E204C-EDFB-44D8-AB50-7486165B5EB6}.Release|ARM64.ActiveCfg = Release|Any CPU
		{8B3E204C-EDFB-44D8-AB50-7486165B5EB6}.Release|ARM64.Build.0 = Release|Any CPU
		{8B3E204C-EDFB-44D8-AB50-7486165B5EB6}.Release|iPhone.ActiveCfg = Release|Any CPU
		{8B3E204C-EDFB-44D8-AB50-7486165B5EB6}.Release|iPhone.Build.0 = Release|Any CPU
		{8B3E204C-EDFB-44D8-AB50-7486165B5EB6}.Release|iPhoneSimulator.ActiveCfg = Release|Any CPU
		{8B3E204C-EDFB-44D8-AB50-7486165B5EB6}.Release|iPhoneSimulator.Build.0 = Release|Any CPU
		{8B3E204C-EDFB-44D8-AB50-7486165B5EB6}.Release|x64.ActiveCfg = Release|Any CPU
		{8B3E204C-EDFB-44D8-AB50-7486165B5EB6}.Release|x64.Build.0 = Release|Any CPU
		{8B3E204C-EDFB-44D8-AB50-7486165B5EB6}.Release|x86.ActiveCfg = Release|Any CPU
		{8B3E204C-EDFB-44D8-AB50-7486165B5EB6}.Release|x86.Build.0 = Release|Any CPU
		{6EC3ABD9-5EDD-4CCF-9244-DCD81C16C2FB}.Ad-Hoc|Any CPU.ActiveCfg = Release|Any CPU
		{6EC3ABD9-5EDD-4CCF-9244-DCD81C16C2FB}.Ad-Hoc|Any CPU.Build.0 = Release|Any CPU
		{6EC3ABD9-5EDD-4CCF-9244-DCD81C16C2FB}.Ad-Hoc|ARM.ActiveCfg = Release|Any CPU
		{6EC3ABD9-5EDD-4CCF-9244-DCD81C16C2FB}.Ad-Hoc|ARM.Build.0 = Release|Any CPU
		{6EC3ABD9-5EDD-4CCF-9244-DCD81C16C2FB}.Ad-Hoc|ARM64.ActiveCfg = Debug|Any CPU
		{6EC3ABD9-5EDD-4CCF-9244-DCD81C16C2FB}.Ad-Hoc|ARM64.Build.0 = Debug|Any CPU
		{6EC3ABD9-5EDD-4CCF-9244-DCD81C16C2FB}.Ad-Hoc|iPhone.ActiveCfg = Release|Any CPU
		{6EC3ABD9-5EDD-4CCF-9244-DCD81C16C2FB}.Ad-Hoc|iPhone.Build.0 = Release|Any CPU
		{6EC3ABD9-5EDD-4CCF-9244-DCD81C16C2FB}.Ad-Hoc|iPhoneSimulator.ActiveCfg = Release|Any CPU
		{6EC3ABD9-5EDD-4CCF-9244-DCD81C16C2FB}.Ad-Hoc|iPhoneSimulator.Build.0 = Release|Any CPU
		{6EC3ABD9-5EDD-4CCF-9244-DCD81C16C2FB}.Ad-Hoc|x64.ActiveCfg = Release|Any CPU
		{6EC3ABD9-5EDD-4CCF-9244-DCD81C16C2FB}.Ad-Hoc|x64.Build.0 = Release|Any CPU
		{6EC3ABD9-5EDD-4CCF-9244-DCD81C16C2FB}.Ad-Hoc|x86.ActiveCfg = Release|Any CPU
		{6EC3ABD9-5EDD-4CCF-9244-DCD81C16C2FB}.Ad-Hoc|x86.Build.0 = Release|Any CPU
		{6EC3ABD9-5EDD-4CCF-9244-DCD81C16C2FB}.AppStore|Any CPU.ActiveCfg = Release|Any CPU
		{6EC3ABD9-5EDD-4CCF-9244-DCD81C16C2FB}.AppStore|Any CPU.Build.0 = Release|Any CPU
		{6EC3ABD9-5EDD-4CCF-9244-DCD81C16C2FB}.AppStore|ARM.ActiveCfg = Release|Any CPU
		{6EC3ABD9-5EDD-4CCF-9244-DCD81C16C2FB}.AppStore|ARM.Build.0 = Release|Any CPU
		{6EC3ABD9-5EDD-4CCF-9244-DCD81C16C2FB}.AppStore|ARM64.ActiveCfg = Debug|Any CPU
		{6EC3ABD9-5EDD-4CCF-9244-DCD81C16C2FB}.AppStore|ARM64.Build.0 = Debug|Any CPU
		{6EC3ABD9-5EDD-4CCF-9244-DCD81C16C2FB}.AppStore|iPhone.ActiveCfg = Release|Any CPU
		{6EC3ABD9-5EDD-4CCF-9244-DCD81C16C2FB}.AppStore|iPhone.Build.0 = Release|Any CPU
		{6EC3ABD9-5EDD-4CCF-9244-DCD81C16C2FB}.AppStore|iPhoneSimulator.ActiveCfg = Release|Any CPU
		{6EC3ABD9-5EDD-4CCF-9244-DCD81C16C2FB}.AppStore|iPhoneSimulator.Build.0 = Release|Any CPU
		{6EC3ABD9-5EDD-4CCF-9244-DCD81C16C2FB}.AppStore|x64.ActiveCfg = Release|Any CPU
		{6EC3ABD9-5EDD-4CCF-9244-DCD81C16C2FB}.AppStore|x64.Build.0 = Release|Any CPU
		{6EC3ABD9-5EDD-4CCF-9244-DCD81C16C2FB}.AppStore|x86.ActiveCfg = Release|Any CPU
		{6EC3ABD9-5EDD-4CCF-9244-DCD81C16C2FB}.AppStore|x86.Build.0 = Release|Any CPU
		{6EC3ABD9-5EDD-4CCF-9244-DCD81C16C2FB}.Debug|Any CPU.ActiveCfg = Debug|Any CPU
		{6EC3ABD9-5EDD-4CCF-9244-DCD81C16C2FB}.Debug|Any CPU.Build.0 = Debug|Any CPU
		{6EC3ABD9-5EDD-4CCF-9244-DCD81C16C2FB}.Debug|ARM.ActiveCfg = Debug|Any CPU
		{6EC3ABD9-5EDD-4CCF-9244-DCD81C16C2FB}.Debug|ARM.Build.0 = Debug|Any CPU
		{6EC3ABD9-5EDD-4CCF-9244-DCD81C16C2FB}.Debug|ARM64.ActiveCfg = Debug|Any CPU
		{6EC3ABD9-5EDD-4CCF-9244-DCD81C16C2FB}.Debug|ARM64.Build.0 = Debug|Any CPU
		{6EC3ABD9-5EDD-4CCF-9244-DCD81C16C2FB}.Debug|iPhone.ActiveCfg = Debug|Any CPU
		{6EC3ABD9-5EDD-4CCF-9244-DCD81C16C2FB}.Debug|iPhone.Build.0 = Debug|Any CPU
		{6EC3ABD9-5EDD-4CCF-9244-DCD81C16C2FB}.Debug|iPhoneSimulator.ActiveCfg = Debug|Any CPU
		{6EC3ABD9-5EDD-4CCF-9244-DCD81C16C2FB}.Debug|iPhoneSimulator.Build.0 = Debug|Any CPU
		{6EC3ABD9-5EDD-4CCF-9244-DCD81C16C2FB}.Debug|x64.ActiveCfg = Debug|Any CPU
		{6EC3ABD9-5EDD-4CCF-9244-DCD81C16C2FB}.Debug|x64.Build.0 = Debug|Any CPU
		{6EC3ABD9-5EDD-4CCF-9244-DCD81C16C2FB}.Debug|x86.ActiveCfg = Debug|Any CPU
		{6EC3ABD9-5EDD-4CCF-9244-DCD81C16C2FB}.Debug|x86.Build.0 = Debug|Any CPU
		{6EC3ABD9-5EDD-4CCF-9244-DCD81C16C2FB}.Release|Any CPU.ActiveCfg = Release|Any CPU
		{6EC3ABD9-5EDD-4CCF-9244-DCD81C16C2FB}.Release|Any CPU.Build.0 = Release|Any CPU
		{6EC3ABD9-5EDD-4CCF-9244-DCD81C16C2FB}.Release|ARM.ActiveCfg = Release|Any CPU
		{6EC3ABD9-5EDD-4CCF-9244-DCD81C16C2FB}.Release|ARM.Build.0 = Release|Any CPU
		{6EC3ABD9-5EDD-4CCF-9244-DCD81C16C2FB}.Release|ARM64.ActiveCfg = Release|Any CPU
		{6EC3ABD9-5EDD-4CCF-9244-DCD81C16C2FB}.Release|ARM64.Build.0 = Release|Any CPU
		{6EC3ABD9-5EDD-4CCF-9244-DCD81C16C2FB}.Release|iPhone.ActiveCfg = Release|Any CPU
		{6EC3ABD9-5EDD-4CCF-9244-DCD81C16C2FB}.Release|iPhone.Build.0 = Release|Any CPU
		{6EC3ABD9-5EDD-4CCF-9244-DCD81C16C2FB}.Release|iPhoneSimulator.ActiveCfg = Release|Any CPU
		{6EC3ABD9-5EDD-4CCF-9244-DCD81C16C2FB}.Release|iPhoneSimulator.Build.0 = Release|Any CPU
		{6EC3ABD9-5EDD-4CCF-9244-DCD81C16C2FB}.Release|x64.ActiveCfg = Release|Any CPU
		{6EC3ABD9-5EDD-4CCF-9244-DCD81C16C2FB}.Release|x64.Build.0 = Release|Any CPU
		{6EC3ABD9-5EDD-4CCF-9244-DCD81C16C2FB}.Release|x86.ActiveCfg = Release|Any CPU
		{6EC3ABD9-5EDD-4CCF-9244-DCD81C16C2FB}.Release|x86.Build.0 = Release|Any CPU
		{E82C7446-E1FC-48D4-B2FE-2AFA9B2801E5}.Ad-Hoc|Any CPU.ActiveCfg = Release|Any CPU
		{E82C7446-E1FC-48D4-B2FE-2AFA9B2801E5}.Ad-Hoc|Any CPU.Build.0 = Release|Any CPU
		{E82C7446-E1FC-48D4-B2FE-2AFA9B2801E5}.Ad-Hoc|ARM.ActiveCfg = Release|Any CPU
		{E82C7446-E1FC-48D4-B2FE-2AFA9B2801E5}.Ad-Hoc|ARM.Build.0 = Release|Any CPU
		{E82C7446-E1FC-48D4-B2FE-2AFA9B2801E5}.Ad-Hoc|ARM64.ActiveCfg = Debug|Any CPU
		{E82C7446-E1FC-48D4-B2FE-2AFA9B2801E5}.Ad-Hoc|ARM64.Build.0 = Debug|Any CPU
		{E82C7446-E1FC-48D4-B2FE-2AFA9B2801E5}.Ad-Hoc|iPhone.ActiveCfg = Release|Any CPU
		{E82C7446-E1FC-48D4-B2FE-2AFA9B2801E5}.Ad-Hoc|iPhone.Build.0 = Release|Any CPU
		{E82C7446-E1FC-48D4-B2FE-2AFA9B2801E5}.Ad-Hoc|iPhoneSimulator.ActiveCfg = Release|Any CPU
		{E82C7446-E1FC-48D4-B2FE-2AFA9B2801E5}.Ad-Hoc|iPhoneSimulator.Build.0 = Release|Any CPU
		{E82C7446-E1FC-48D4-B2FE-2AFA9B2801E5}.Ad-Hoc|x64.ActiveCfg = Release|Any CPU
		{E82C7446-E1FC-48D4-B2FE-2AFA9B2801E5}.Ad-Hoc|x64.Build.0 = Release|Any CPU
		{E82C7446-E1FC-48D4-B2FE-2AFA9B2801E5}.Ad-Hoc|x86.ActiveCfg = Release|Any CPU
		{E82C7446-E1FC-48D4-B2FE-2AFA9B2801E5}.Ad-Hoc|x86.Build.0 = Release|Any CPU
		{E82C7446-E1FC-48D4-B2FE-2AFA9B2801E5}.AppStore|Any CPU.ActiveCfg = Release|Any CPU
		{E82C7446-E1FC-48D4-B2FE-2AFA9B2801E5}.AppStore|Any CPU.Build.0 = Release|Any CPU
		{E82C7446-E1FC-48D4-B2FE-2AFA9B2801E5}.AppStore|ARM.ActiveCfg = Release|Any CPU
		{E82C7446-E1FC-48D4-B2FE-2AFA9B2801E5}.AppStore|ARM.Build.0 = Release|Any CPU
		{E82C7446-E1FC-48D4-B2FE-2AFA9B2801E5}.AppStore|ARM64.ActiveCfg = Debug|Any CPU
		{E82C7446-E1FC-48D4-B2FE-2AFA9B2801E5}.AppStore|ARM64.Build.0 = Debug|Any CPU
		{E82C7446-E1FC-48D4-B2FE-2AFA9B2801E5}.AppStore|iPhone.ActiveCfg = Release|Any CPU
		{E82C7446-E1FC-48D4-B2FE-2AFA9B2801E5}.AppStore|iPhone.Build.0 = Release|Any CPU
		{E82C7446-E1FC-48D4-B2FE-2AFA9B2801E5}.AppStore|iPhoneSimulator.ActiveCfg = Release|Any CPU
		{E82C7446-E1FC-48D4-B2FE-2AFA9B2801E5}.AppStore|iPhoneSimulator.Build.0 = Release|Any CPU
		{E82C7446-E1FC-48D4-B2FE-2AFA9B2801E5}.AppStore|x64.ActiveCfg = Release|Any CPU
		{E82C7446-E1FC-48D4-B2FE-2AFA9B2801E5}.AppStore|x64.Build.0 = Release|Any CPU
		{E82C7446-E1FC-48D4-B2FE-2AFA9B2801E5}.AppStore|x86.ActiveCfg = Release|Any CPU
		{E82C7446-E1FC-48D4-B2FE-2AFA9B2801E5}.AppStore|x86.Build.0 = Release|Any CPU
		{E82C7446-E1FC-48D4-B2FE-2AFA9B2801E5}.Debug|Any CPU.ActiveCfg = Debug|Any CPU
		{E82C7446-E1FC-48D4-B2FE-2AFA9B2801E5}.Debug|Any CPU.Build.0 = Debug|Any CPU
		{E82C7446-E1FC-48D4-B2FE-2AFA9B2801E5}.Debug|ARM.ActiveCfg = Debug|Any CPU
		{E82C7446-E1FC-48D4-B2FE-2AFA9B2801E5}.Debug|ARM.Build.0 = Debug|Any CPU
		{E82C7446-E1FC-48D4-B2FE-2AFA9B2801E5}.Debug|ARM64.ActiveCfg = Debug|Any CPU
		{E82C7446-E1FC-48D4-B2FE-2AFA9B2801E5}.Debug|ARM64.Build.0 = Debug|Any CPU
		{E82C7446-E1FC-48D4-B2FE-2AFA9B2801E5}.Debug|iPhone.ActiveCfg = Debug|Any CPU
		{E82C7446-E1FC-48D4-B2FE-2AFA9B2801E5}.Debug|iPhone.Build.0 = Debug|Any CPU
		{E82C7446-E1FC-48D4-B2FE-2AFA9B2801E5}.Debug|iPhoneSimulator.ActiveCfg = Debug|Any CPU
		{E82C7446-E1FC-48D4-B2FE-2AFA9B2801E5}.Debug|iPhoneSimulator.Build.0 = Debug|Any CPU
		{E82C7446-E1FC-48D4-B2FE-2AFA9B2801E5}.Debug|x64.ActiveCfg = Debug|Any CPU
		{E82C7446-E1FC-48D4-B2FE-2AFA9B2801E5}.Debug|x64.Build.0 = Debug|Any CPU
		{E82C7446-E1FC-48D4-B2FE-2AFA9B2801E5}.Debug|x86.ActiveCfg = Debug|Any CPU
		{E82C7446-E1FC-48D4-B2FE-2AFA9B2801E5}.Debug|x86.Build.0 = Debug|Any CPU
		{E82C7446-E1FC-48D4-B2FE-2AFA9B2801E5}.Release|Any CPU.ActiveCfg = Release|Any CPU
		{E82C7446-E1FC-48D4-B2FE-2AFA9B2801E5}.Release|Any CPU.Build.0 = Release|Any CPU
		{E82C7446-E1FC-48D4-B2FE-2AFA9B2801E5}.Release|ARM.ActiveCfg = Release|Any CPU
		{E82C7446-E1FC-48D4-B2FE-2AFA9B2801E5}.Release|ARM.Build.0 = Release|Any CPU
		{E82C7446-E1FC-48D4-B2FE-2AFA9B2801E5}.Release|ARM64.ActiveCfg = Release|Any CPU
		{E82C7446-E1FC-48D4-B2FE-2AFA9B2801E5}.Release|ARM64.Build.0 = Release|Any CPU
		{E82C7446-E1FC-48D4-B2FE-2AFA9B2801E5}.Release|iPhone.ActiveCfg = Release|Any CPU
		{E82C7446-E1FC-48D4-B2FE-2AFA9B2801E5}.Release|iPhone.Build.0 = Release|Any CPU
		{E82C7446-E1FC-48D4-B2FE-2AFA9B2801E5}.Release|iPhoneSimulator.ActiveCfg = Release|Any CPU
		{E82C7446-E1FC-48D4-B2FE-2AFA9B2801E5}.Release|iPhoneSimulator.Build.0 = Release|Any CPU
		{E82C7446-E1FC-48D4-B2FE-2AFA9B2801E5}.Release|x64.ActiveCfg = Release|Any CPU
		{E82C7446-E1FC-48D4-B2FE-2AFA9B2801E5}.Release|x64.Build.0 = Release|Any CPU
		{E82C7446-E1FC-48D4-B2FE-2AFA9B2801E5}.Release|x86.ActiveCfg = Release|Any CPU
		{E82C7446-E1FC-48D4-B2FE-2AFA9B2801E5}.Release|x86.Build.0 = Release|Any CPU
		{1B73C4FD-07A0-4F04-8110-99C95F2C0A04}.Ad-Hoc|Any CPU.ActiveCfg = Debug|Any CPU
		{1B73C4FD-07A0-4F04-8110-99C95F2C0A04}.Ad-Hoc|Any CPU.Build.0 = Debug|Any CPU
		{1B73C4FD-07A0-4F04-8110-99C95F2C0A04}.Ad-Hoc|ARM.ActiveCfg = Debug|Any CPU
		{1B73C4FD-07A0-4F04-8110-99C95F2C0A04}.Ad-Hoc|ARM.Build.0 = Debug|Any CPU
		{1B73C4FD-07A0-4F04-8110-99C95F2C0A04}.Ad-Hoc|ARM64.ActiveCfg = Release|Any CPU
		{1B73C4FD-07A0-4F04-8110-99C95F2C0A04}.Ad-Hoc|ARM64.Build.0 = Release|Any CPU
		{1B73C4FD-07A0-4F04-8110-99C95F2C0A04}.Ad-Hoc|iPhone.ActiveCfg = Debug|Any CPU
		{1B73C4FD-07A0-4F04-8110-99C95F2C0A04}.Ad-Hoc|iPhone.Build.0 = Debug|Any CPU
		{1B73C4FD-07A0-4F04-8110-99C95F2C0A04}.Ad-Hoc|iPhoneSimulator.ActiveCfg = Debug|Any CPU
		{1B73C4FD-07A0-4F04-8110-99C95F2C0A04}.Ad-Hoc|iPhoneSimulator.Build.0 = Debug|Any CPU
		{1B73C4FD-07A0-4F04-8110-99C95F2C0A04}.Ad-Hoc|x64.ActiveCfg = Debug|Any CPU
		{1B73C4FD-07A0-4F04-8110-99C95F2C0A04}.Ad-Hoc|x64.Build.0 = Debug|Any CPU
		{1B73C4FD-07A0-4F04-8110-99C95F2C0A04}.Ad-Hoc|x86.ActiveCfg = Debug|Any CPU
		{1B73C4FD-07A0-4F04-8110-99C95F2C0A04}.Ad-Hoc|x86.Build.0 = Debug|Any CPU
		{1B73C4FD-07A0-4F04-8110-99C95F2C0A04}.AppStore|Any CPU.ActiveCfg = Debug|Any CPU
		{1B73C4FD-07A0-4F04-8110-99C95F2C0A04}.AppStore|Any CPU.Build.0 = Debug|Any CPU
		{1B73C4FD-07A0-4F04-8110-99C95F2C0A04}.AppStore|ARM.ActiveCfg = Debug|Any CPU
		{1B73C4FD-07A0-4F04-8110-99C95F2C0A04}.AppStore|ARM.Build.0 = Debug|Any CPU
		{1B73C4FD-07A0-4F04-8110-99C95F2C0A04}.AppStore|ARM64.ActiveCfg = Release|Any CPU
		{1B73C4FD-07A0-4F04-8110-99C95F2C0A04}.AppStore|ARM64.Build.0 = Release|Any CPU
		{1B73C4FD-07A0-4F04-8110-99C95F2C0A04}.AppStore|iPhone.ActiveCfg = Debug|Any CPU
		{1B73C4FD-07A0-4F04-8110-99C95F2C0A04}.AppStore|iPhone.Build.0 = Debug|Any CPU
		{1B73C4FD-07A0-4F04-8110-99C95F2C0A04}.AppStore|iPhoneSimulator.ActiveCfg = Debug|Any CPU
		{1B73C4FD-07A0-4F04-8110-99C95F2C0A04}.AppStore|iPhoneSimulator.Build.0 = Debug|Any CPU
		{1B73C4FD-07A0-4F04-8110-99C95F2C0A04}.AppStore|x64.ActiveCfg = Debug|Any CPU
		{1B73C4FD-07A0-4F04-8110-99C95F2C0A04}.AppStore|x64.Build.0 = Debug|Any CPU
		{1B73C4FD-07A0-4F04-8110-99C95F2C0A04}.AppStore|x86.ActiveCfg = Debug|Any CPU
		{1B73C4FD-07A0-4F04-8110-99C95F2C0A04}.AppStore|x86.Build.0 = Debug|Any CPU
		{1B73C4FD-07A0-4F04-8110-99C95F2C0A04}.Debug|Any CPU.ActiveCfg = Debug|Any CPU
		{1B73C4FD-07A0-4F04-8110-99C95F2C0A04}.Debug|Any CPU.Build.0 = Debug|Any CPU
		{1B73C4FD-07A0-4F04-8110-99C95F2C0A04}.Debug|ARM.ActiveCfg = Debug|Any CPU
		{1B73C4FD-07A0-4F04-8110-99C95F2C0A04}.Debug|ARM.Build.0 = Debug|Any CPU
		{1B73C4FD-07A0-4F04-8110-99C95F2C0A04}.Debug|ARM64.ActiveCfg = Debug|Any CPU
		{1B73C4FD-07A0-4F04-8110-99C95F2C0A04}.Debug|ARM64.Build.0 = Debug|Any CPU
		{1B73C4FD-07A0-4F04-8110-99C95F2C0A04}.Debug|iPhone.ActiveCfg = Debug|Any CPU
		{1B73C4FD-07A0-4F04-8110-99C95F2C0A04}.Debug|iPhone.Build.0 = Debug|Any CPU
		{1B73C4FD-07A0-4F04-8110-99C95F2C0A04}.Debug|iPhoneSimulator.ActiveCfg = Debug|Any CPU
		{1B73C4FD-07A0-4F04-8110-99C95F2C0A04}.Debug|iPhoneSimulator.Build.0 = Debug|Any CPU
		{1B73C4FD-07A0-4F04-8110-99C95F2C0A04}.Debug|x64.ActiveCfg = Debug|Any CPU
		{1B73C4FD-07A0-4F04-8110-99C95F2C0A04}.Debug|x64.Build.0 = Debug|Any CPU
		{1B73C4FD-07A0-4F04-8110-99C95F2C0A04}.Debug|x86.ActiveCfg = Debug|Any CPU
		{1B73C4FD-07A0-4F04-8110-99C95F2C0A04}.Debug|x86.Build.0 = Debug|Any CPU
		{1B73C4FD-07A0-4F04-8110-99C95F2C0A04}.Release|Any CPU.ActiveCfg = Release|Any CPU
		{1B73C4FD-07A0-4F04-8110-99C95F2C0A04}.Release|Any CPU.Build.0 = Release|Any CPU
		{1B73C4FD-07A0-4F04-8110-99C95F2C0A04}.Release|ARM.ActiveCfg = Release|Any CPU
		{1B73C4FD-07A0-4F04-8110-99C95F2C0A04}.Release|ARM.Build.0 = Release|Any CPU
		{1B73C4FD-07A0-4F04-8110-99C95F2C0A04}.Release|ARM64.ActiveCfg = Release|Any CPU
		{1B73C4FD-07A0-4F04-8110-99C95F2C0A04}.Release|ARM64.Build.0 = Release|Any CPU
		{1B73C4FD-07A0-4F04-8110-99C95F2C0A04}.Release|iPhone.ActiveCfg = Release|Any CPU
		{1B73C4FD-07A0-4F04-8110-99C95F2C0A04}.Release|iPhone.Build.0 = Release|Any CPU
		{1B73C4FD-07A0-4F04-8110-99C95F2C0A04}.Release|iPhoneSimulator.ActiveCfg = Release|Any CPU
		{1B73C4FD-07A0-4F04-8110-99C95F2C0A04}.Release|iPhoneSimulator.Build.0 = Release|Any CPU
		{1B73C4FD-07A0-4F04-8110-99C95F2C0A04}.Release|x64.ActiveCfg = Release|Any CPU
		{1B73C4FD-07A0-4F04-8110-99C95F2C0A04}.Release|x64.Build.0 = Release|Any CPU
		{1B73C4FD-07A0-4F04-8110-99C95F2C0A04}.Release|x86.ActiveCfg = Release|Any CPU
		{1B73C4FD-07A0-4F04-8110-99C95F2C0A04}.Release|x86.Build.0 = Release|Any CPU
		{D363FCCB-DE62-485B-8259-3063E268F58D}.Ad-Hoc|Any CPU.ActiveCfg = Release|Any CPU
		{D363FCCB-DE62-485B-8259-3063E268F58D}.Ad-Hoc|Any CPU.Build.0 = Release|Any CPU
		{D363FCCB-DE62-485B-8259-3063E268F58D}.Ad-Hoc|Any CPU.Deploy.0 = Release|Any CPU
		{D363FCCB-DE62-485B-8259-3063E268F58D}.Ad-Hoc|ARM.ActiveCfg = Release|Any CPU
		{D363FCCB-DE62-485B-8259-3063E268F58D}.Ad-Hoc|ARM.Build.0 = Release|Any CPU
		{D363FCCB-DE62-485B-8259-3063E268F58D}.Ad-Hoc|ARM.Deploy.0 = Release|Any CPU
		{D363FCCB-DE62-485B-8259-3063E268F58D}.Ad-Hoc|ARM64.ActiveCfg = Debug|Any CPU
		{D363FCCB-DE62-485B-8259-3063E268F58D}.Ad-Hoc|ARM64.Build.0 = Debug|Any CPU
		{D363FCCB-DE62-485B-8259-3063E268F58D}.Ad-Hoc|ARM64.Deploy.0 = Debug|Any CPU
		{D363FCCB-DE62-485B-8259-3063E268F58D}.Ad-Hoc|iPhone.ActiveCfg = Release|Any CPU
		{D363FCCB-DE62-485B-8259-3063E268F58D}.Ad-Hoc|iPhone.Build.0 = Release|Any CPU
		{D363FCCB-DE62-485B-8259-3063E268F58D}.Ad-Hoc|iPhone.Deploy.0 = Release|Any CPU
		{D363FCCB-DE62-485B-8259-3063E268F58D}.Ad-Hoc|iPhoneSimulator.ActiveCfg = Release|Any CPU
		{D363FCCB-DE62-485B-8259-3063E268F58D}.Ad-Hoc|iPhoneSimulator.Build.0 = Release|Any CPU
		{D363FCCB-DE62-485B-8259-3063E268F58D}.Ad-Hoc|iPhoneSimulator.Deploy.0 = Release|Any CPU
		{D363FCCB-DE62-485B-8259-3063E268F58D}.Ad-Hoc|x64.ActiveCfg = Release|Any CPU
		{D363FCCB-DE62-485B-8259-3063E268F58D}.Ad-Hoc|x64.Build.0 = Release|Any CPU
		{D363FCCB-DE62-485B-8259-3063E268F58D}.Ad-Hoc|x64.Deploy.0 = Release|Any CPU
		{D363FCCB-DE62-485B-8259-3063E268F58D}.Ad-Hoc|x86.ActiveCfg = Release|Any CPU
		{D363FCCB-DE62-485B-8259-3063E268F58D}.Ad-Hoc|x86.Build.0 = Release|Any CPU
		{D363FCCB-DE62-485B-8259-3063E268F58D}.Ad-Hoc|x86.Deploy.0 = Release|Any CPU
		{D363FCCB-DE62-485B-8259-3063E268F58D}.AppStore|Any CPU.ActiveCfg = Release|Any CPU
		{D363FCCB-DE62-485B-8259-3063E268F58D}.AppStore|Any CPU.Build.0 = Release|Any CPU
		{D363FCCB-DE62-485B-8259-3063E268F58D}.AppStore|Any CPU.Deploy.0 = Release|Any CPU
		{D363FCCB-DE62-485B-8259-3063E268F58D}.AppStore|ARM.ActiveCfg = Release|Any CPU
		{D363FCCB-DE62-485B-8259-3063E268F58D}.AppStore|ARM.Build.0 = Release|Any CPU
		{D363FCCB-DE62-485B-8259-3063E268F58D}.AppStore|ARM.Deploy.0 = Release|Any CPU
		{D363FCCB-DE62-485B-8259-3063E268F58D}.AppStore|ARM64.ActiveCfg = Debug|Any CPU
		{D363FCCB-DE62-485B-8259-3063E268F58D}.AppStore|ARM64.Build.0 = Debug|Any CPU
		{D363FCCB-DE62-485B-8259-3063E268F58D}.AppStore|ARM64.Deploy.0 = Debug|Any CPU
		{D363FCCB-DE62-485B-8259-3063E268F58D}.AppStore|iPhone.ActiveCfg = Release|Any CPU
		{D363FCCB-DE62-485B-8259-3063E268F58D}.AppStore|iPhone.Build.0 = Release|Any CPU
		{D363FCCB-DE62-485B-8259-3063E268F58D}.AppStore|iPhone.Deploy.0 = Release|Any CPU
		{D363FCCB-DE62-485B-8259-3063E268F58D}.AppStore|iPhoneSimulator.ActiveCfg = Release|Any CPU
		{D363FCCB-DE62-485B-8259-3063E268F58D}.AppStore|iPhoneSimulator.Build.0 = Release|Any CPU
		{D363FCCB-DE62-485B-8259-3063E268F58D}.AppStore|iPhoneSimulator.Deploy.0 = Release|Any CPU
		{D363FCCB-DE62-485B-8259-3063E268F58D}.AppStore|x64.ActiveCfg = Release|Any CPU
		{D363FCCB-DE62-485B-8259-3063E268F58D}.AppStore|x64.Build.0 = Release|Any CPU
		{D363FCCB-DE62-485B-8259-3063E268F58D}.AppStore|x64.Deploy.0 = Release|Any CPU
		{D363FCCB-DE62-485B-8259-3063E268F58D}.AppStore|x86.ActiveCfg = Release|Any CPU
		{D363FCCB-DE62-485B-8259-3063E268F58D}.AppStore|x86.Build.0 = Release|Any CPU
		{D363FCCB-DE62-485B-8259-3063E268F58D}.AppStore|x86.Deploy.0 = Release|Any CPU
		{D363FCCB-DE62-485B-8259-3063E268F58D}.Debug|Any CPU.ActiveCfg = Debug|Any CPU
		{D363FCCB-DE62-485B-8259-3063E268F58D}.Debug|Any CPU.Build.0 = Debug|Any CPU
		{D363FCCB-DE62-485B-8259-3063E268F58D}.Debug|Any CPU.Deploy.0 = Debug|Any CPU
		{D363FCCB-DE62-485B-8259-3063E268F58D}.Debug|ARM.ActiveCfg = Debug|Any CPU
		{D363FCCB-DE62-485B-8259-3063E268F58D}.Debug|ARM.Build.0 = Debug|Any CPU
		{D363FCCB-DE62-485B-8259-3063E268F58D}.Debug|ARM.Deploy.0 = Debug|Any CPU
		{D363FCCB-DE62-485B-8259-3063E268F58D}.Debug|ARM64.ActiveCfg = Debug|Any CPU
		{D363FCCB-DE62-485B-8259-3063E268F58D}.Debug|ARM64.Build.0 = Debug|Any CPU
		{D363FCCB-DE62-485B-8259-3063E268F58D}.Debug|ARM64.Deploy.0 = Debug|Any CPU
		{D363FCCB-DE62-485B-8259-3063E268F58D}.Debug|iPhone.ActiveCfg = Debug|Any CPU
		{D363FCCB-DE62-485B-8259-3063E268F58D}.Debug|iPhone.Build.0 = Debug|Any CPU
		{D363FCCB-DE62-485B-8259-3063E268F58D}.Debug|iPhone.Deploy.0 = Debug|Any CPU
		{D363FCCB-DE62-485B-8259-3063E268F58D}.Debug|iPhoneSimulator.ActiveCfg = Debug|Any CPU
		{D363FCCB-DE62-485B-8259-3063E268F58D}.Debug|iPhoneSimulator.Build.0 = Debug|Any CPU
		{D363FCCB-DE62-485B-8259-3063E268F58D}.Debug|iPhoneSimulator.Deploy.0 = Debug|Any CPU
		{D363FCCB-DE62-485B-8259-3063E268F58D}.Debug|x64.ActiveCfg = Debug|Any CPU
		{D363FCCB-DE62-485B-8259-3063E268F58D}.Debug|x64.Build.0 = Debug|Any CPU
		{D363FCCB-DE62-485B-8259-3063E268F58D}.Debug|x64.Deploy.0 = Debug|Any CPU
		{D363FCCB-DE62-485B-8259-3063E268F58D}.Debug|x86.ActiveCfg = Debug|Any CPU
		{D363FCCB-DE62-485B-8259-3063E268F58D}.Debug|x86.Build.0 = Debug|Any CPU
		{D363FCCB-DE62-485B-8259-3063E268F58D}.Debug|x86.Deploy.0 = Debug|Any CPU
		{D363FCCB-DE62-485B-8259-3063E268F58D}.Release|Any CPU.ActiveCfg = Release|Any CPU
		{D363FCCB-DE62-485B-8259-3063E268F58D}.Release|Any CPU.Build.0 = Release|Any CPU
		{D363FCCB-DE62-485B-8259-3063E268F58D}.Release|Any CPU.Deploy.0 = Release|Any CPU
		{D363FCCB-DE62-485B-8259-3063E268F58D}.Release|ARM.ActiveCfg = Release|Any CPU
		{D363FCCB-DE62-485B-8259-3063E268F58D}.Release|ARM.Build.0 = Release|Any CPU
		{D363FCCB-DE62-485B-8259-3063E268F58D}.Release|ARM.Deploy.0 = Release|Any CPU
		{D363FCCB-DE62-485B-8259-3063E268F58D}.Release|ARM64.ActiveCfg = Release|Any CPU
		{D363FCCB-DE62-485B-8259-3063E268F58D}.Release|ARM64.Build.0 = Release|Any CPU
		{D363FCCB-DE62-485B-8259-3063E268F58D}.Release|ARM64.Deploy.0 = Release|Any CPU
		{D363FCCB-DE62-485B-8259-3063E268F58D}.Release|iPhone.ActiveCfg = Release|Any CPU
		{D363FCCB-DE62-485B-8259-3063E268F58D}.Release|iPhone.Build.0 = Release|Any CPU
		{D363FCCB-DE62-485B-8259-3063E268F58D}.Release|iPhone.Deploy.0 = Release|Any CPU
		{D363FCCB-DE62-485B-8259-3063E268F58D}.Release|iPhoneSimulator.ActiveCfg = Release|Any CPU
		{D363FCCB-DE62-485B-8259-3063E268F58D}.Release|iPhoneSimulator.Build.0 = Release|Any CPU
		{D363FCCB-DE62-485B-8259-3063E268F58D}.Release|iPhoneSimulator.Deploy.0 = Release|Any CPU
		{D363FCCB-DE62-485B-8259-3063E268F58D}.Release|x64.ActiveCfg = Release|Any CPU
		{D363FCCB-DE62-485B-8259-3063E268F58D}.Release|x64.Build.0 = Release|Any CPU
		{D363FCCB-DE62-485B-8259-3063E268F58D}.Release|x64.Deploy.0 = Release|Any CPU
		{D363FCCB-DE62-485B-8259-3063E268F58D}.Release|x86.ActiveCfg = Release|Any CPU
		{D363FCCB-DE62-485B-8259-3063E268F58D}.Release|x86.Build.0 = Release|Any CPU
		{D363FCCB-DE62-485B-8259-3063E268F58D}.Release|x86.Deploy.0 = Release|Any CPU
		{8ACA4805-56CB-4F73-8DEB-85430CC47D0A}.Ad-Hoc|Any CPU.ActiveCfg = Ad-Hoc|iPhone
		{8ACA4805-56CB-4F73-8DEB-85430CC47D0A}.Ad-Hoc|ARM.ActiveCfg = Ad-Hoc|iPhone
		{8ACA4805-56CB-4F73-8DEB-85430CC47D0A}.Ad-Hoc|ARM64.ActiveCfg = Ad-Hoc|iPhoneSimulator
		{8ACA4805-56CB-4F73-8DEB-85430CC47D0A}.Ad-Hoc|iPhone.ActiveCfg = Ad-Hoc|iPhone
		{8ACA4805-56CB-4F73-8DEB-85430CC47D0A}.Ad-Hoc|iPhone.Build.0 = Ad-Hoc|iPhone
		{8ACA4805-56CB-4F73-8DEB-85430CC47D0A}.Ad-Hoc|iPhoneSimulator.ActiveCfg = Ad-Hoc|iPhoneSimulator
		{8ACA4805-56CB-4F73-8DEB-85430CC47D0A}.Ad-Hoc|iPhoneSimulator.Build.0 = Ad-Hoc|iPhoneSimulator
		{8ACA4805-56CB-4F73-8DEB-85430CC47D0A}.Ad-Hoc|x64.ActiveCfg = Ad-Hoc|iPhone
		{8ACA4805-56CB-4F73-8DEB-85430CC47D0A}.Ad-Hoc|x86.ActiveCfg = Ad-Hoc|iPhone
		{8ACA4805-56CB-4F73-8DEB-85430CC47D0A}.AppStore|Any CPU.ActiveCfg = AppStore|iPhone
		{8ACA4805-56CB-4F73-8DEB-85430CC47D0A}.AppStore|ARM.ActiveCfg = AppStore|iPhone
		{8ACA4805-56CB-4F73-8DEB-85430CC47D0A}.AppStore|ARM64.ActiveCfg = AppStore|iPhoneSimulator
		{8ACA4805-56CB-4F73-8DEB-85430CC47D0A}.AppStore|iPhone.ActiveCfg = AppStore|iPhone
		{8ACA4805-56CB-4F73-8DEB-85430CC47D0A}.AppStore|iPhone.Build.0 = AppStore|iPhone
		{8ACA4805-56CB-4F73-8DEB-85430CC47D0A}.AppStore|iPhoneSimulator.ActiveCfg = AppStore|iPhoneSimulator
		{8ACA4805-56CB-4F73-8DEB-85430CC47D0A}.AppStore|iPhoneSimulator.Build.0 = AppStore|iPhoneSimulator
		{8ACA4805-56CB-4F73-8DEB-85430CC47D0A}.AppStore|x64.ActiveCfg = AppStore|iPhone
		{8ACA4805-56CB-4F73-8DEB-85430CC47D0A}.AppStore|x86.ActiveCfg = AppStore|iPhone
		{8ACA4805-56CB-4F73-8DEB-85430CC47D0A}.Debug|Any CPU.ActiveCfg = Debug|iPhone
		{8ACA4805-56CB-4F73-8DEB-85430CC47D0A}.Debug|ARM.ActiveCfg = Debug|iPhone
		{8ACA4805-56CB-4F73-8DEB-85430CC47D0A}.Debug|ARM64.ActiveCfg = Debug|iPhoneSimulator
		{8ACA4805-56CB-4F73-8DEB-85430CC47D0A}.Debug|iPhone.ActiveCfg = Debug|iPhone
		{8ACA4805-56CB-4F73-8DEB-85430CC47D0A}.Debug|iPhone.Build.0 = Debug|iPhone
		{8ACA4805-56CB-4F73-8DEB-85430CC47D0A}.Debug|iPhoneSimulator.ActiveCfg = Debug|iPhoneSimulator
		{8ACA4805-56CB-4F73-8DEB-85430CC47D0A}.Debug|iPhoneSimulator.Build.0 = Debug|iPhoneSimulator
		{8ACA4805-56CB-4F73-8DEB-85430CC47D0A}.Debug|x64.ActiveCfg = Debug|iPhone
		{8ACA4805-56CB-4F73-8DEB-85430CC47D0A}.Debug|x86.ActiveCfg = Debug|iPhone
		{8ACA4805-56CB-4F73-8DEB-85430CC47D0A}.Release|Any CPU.ActiveCfg = Release|iPhone
		{8ACA4805-56CB-4F73-8DEB-85430CC47D0A}.Release|ARM.ActiveCfg = Release|iPhone
		{8ACA4805-56CB-4F73-8DEB-85430CC47D0A}.Release|ARM64.ActiveCfg = Release|iPhoneSimulator
		{8ACA4805-56CB-4F73-8DEB-85430CC47D0A}.Release|iPhone.ActiveCfg = Release|iPhone
		{8ACA4805-56CB-4F73-8DEB-85430CC47D0A}.Release|iPhone.Build.0 = Release|iPhone
		{8ACA4805-56CB-4F73-8DEB-85430CC47D0A}.Release|iPhoneSimulator.ActiveCfg = Release|iPhoneSimulator
		{8ACA4805-56CB-4F73-8DEB-85430CC47D0A}.Release|iPhoneSimulator.Build.0 = Release|iPhoneSimulator
		{8ACA4805-56CB-4F73-8DEB-85430CC47D0A}.Release|x64.ActiveCfg = Release|iPhone
		{8ACA4805-56CB-4F73-8DEB-85430CC47D0A}.Release|x86.ActiveCfg = Release|iPhone
		{22F5E16A-9F6D-4D9C-BA2A-2E0E58C4B472}.Ad-Hoc|Any CPU.ActiveCfg = Release|x86
		{22F5E16A-9F6D-4D9C-BA2A-2E0E58C4B472}.Ad-Hoc|Any CPU.Build.0 = Release|x86
		{22F5E16A-9F6D-4D9C-BA2A-2E0E58C4B472}.Ad-Hoc|Any CPU.Deploy.0 = Release|x86
		{22F5E16A-9F6D-4D9C-BA2A-2E0E58C4B472}.Ad-Hoc|ARM.ActiveCfg = Release|ARM
		{22F5E16A-9F6D-4D9C-BA2A-2E0E58C4B472}.Ad-Hoc|ARM.Build.0 = Release|ARM
		{22F5E16A-9F6D-4D9C-BA2A-2E0E58C4B472}.Ad-Hoc|ARM.Deploy.0 = Release|ARM
		{22F5E16A-9F6D-4D9C-BA2A-2E0E58C4B472}.Ad-Hoc|ARM64.ActiveCfg = Debug|x64
		{22F5E16A-9F6D-4D9C-BA2A-2E0E58C4B472}.Ad-Hoc|ARM64.Build.0 = Debug|x64
		{22F5E16A-9F6D-4D9C-BA2A-2E0E58C4B472}.Ad-Hoc|ARM64.Deploy.0 = Debug|x64
		{22F5E16A-9F6D-4D9C-BA2A-2E0E58C4B472}.Ad-Hoc|iPhone.ActiveCfg = Release|x86
		{22F5E16A-9F6D-4D9C-BA2A-2E0E58C4B472}.Ad-Hoc|iPhone.Build.0 = Release|x86
		{22F5E16A-9F6D-4D9C-BA2A-2E0E58C4B472}.Ad-Hoc|iPhone.Deploy.0 = Release|x86
		{22F5E16A-9F6D-4D9C-BA2A-2E0E58C4B472}.Ad-Hoc|iPhoneSimulator.ActiveCfg = Release|x86
		{22F5E16A-9F6D-4D9C-BA2A-2E0E58C4B472}.Ad-Hoc|iPhoneSimulator.Build.0 = Release|x86
		{22F5E16A-9F6D-4D9C-BA2A-2E0E58C4B472}.Ad-Hoc|iPhoneSimulator.Deploy.0 = Release|x86
		{22F5E16A-9F6D-4D9C-BA2A-2E0E58C4B472}.Ad-Hoc|x64.ActiveCfg = Release|x64
		{22F5E16A-9F6D-4D9C-BA2A-2E0E58C4B472}.Ad-Hoc|x64.Build.0 = Release|x64
		{22F5E16A-9F6D-4D9C-BA2A-2E0E58C4B472}.Ad-Hoc|x64.Deploy.0 = Release|x64
		{22F5E16A-9F6D-4D9C-BA2A-2E0E58C4B472}.Ad-Hoc|x86.ActiveCfg = Release|x86
		{22F5E16A-9F6D-4D9C-BA2A-2E0E58C4B472}.Ad-Hoc|x86.Build.0 = Release|x86
		{22F5E16A-9F6D-4D9C-BA2A-2E0E58C4B472}.Ad-Hoc|x86.Deploy.0 = Release|x86
		{22F5E16A-9F6D-4D9C-BA2A-2E0E58C4B472}.AppStore|Any CPU.ActiveCfg = Release|x86
		{22F5E16A-9F6D-4D9C-BA2A-2E0E58C4B472}.AppStore|Any CPU.Build.0 = Release|x86
		{22F5E16A-9F6D-4D9C-BA2A-2E0E58C4B472}.AppStore|Any CPU.Deploy.0 = Release|x86
		{22F5E16A-9F6D-4D9C-BA2A-2E0E58C4B472}.AppStore|ARM.ActiveCfg = Release|ARM
		{22F5E16A-9F6D-4D9C-BA2A-2E0E58C4B472}.AppStore|ARM.Build.0 = Release|ARM
		{22F5E16A-9F6D-4D9C-BA2A-2E0E58C4B472}.AppStore|ARM.Deploy.0 = Release|ARM
		{22F5E16A-9F6D-4D9C-BA2A-2E0E58C4B472}.AppStore|ARM64.ActiveCfg = Debug|x64
		{22F5E16A-9F6D-4D9C-BA2A-2E0E58C4B472}.AppStore|ARM64.Build.0 = Debug|x64
		{22F5E16A-9F6D-4D9C-BA2A-2E0E58C4B472}.AppStore|ARM64.Deploy.0 = Debug|x64
		{22F5E16A-9F6D-4D9C-BA2A-2E0E58C4B472}.AppStore|iPhone.ActiveCfg = Release|x86
		{22F5E16A-9F6D-4D9C-BA2A-2E0E58C4B472}.AppStore|iPhone.Build.0 = Release|x86
		{22F5E16A-9F6D-4D9C-BA2A-2E0E58C4B472}.AppStore|iPhone.Deploy.0 = Release|x86
		{22F5E16A-9F6D-4D9C-BA2A-2E0E58C4B472}.AppStore|iPhoneSimulator.ActiveCfg = Release|x86
		{22F5E16A-9F6D-4D9C-BA2A-2E0E58C4B472}.AppStore|iPhoneSimulator.Build.0 = Release|x86
		{22F5E16A-9F6D-4D9C-BA2A-2E0E58C4B472}.AppStore|iPhoneSimulator.Deploy.0 = Release|x86
		{22F5E16A-9F6D-4D9C-BA2A-2E0E58C4B472}.AppStore|x64.ActiveCfg = Release|x64
		{22F5E16A-9F6D-4D9C-BA2A-2E0E58C4B472}.AppStore|x64.Build.0 = Release|x64
		{22F5E16A-9F6D-4D9C-BA2A-2E0E58C4B472}.AppStore|x64.Deploy.0 = Release|x64
		{22F5E16A-9F6D-4D9C-BA2A-2E0E58C4B472}.AppStore|x86.ActiveCfg = Release|x86
		{22F5E16A-9F6D-4D9C-BA2A-2E0E58C4B472}.AppStore|x86.Build.0 = Release|x86
		{22F5E16A-9F6D-4D9C-BA2A-2E0E58C4B472}.AppStore|x86.Deploy.0 = Release|x86
		{22F5E16A-9F6D-4D9C-BA2A-2E0E58C4B472}.Debug|Any CPU.ActiveCfg = Debug|x86
		{22F5E16A-9F6D-4D9C-BA2A-2E0E58C4B472}.Debug|ARM.ActiveCfg = Debug|ARM
		{22F5E16A-9F6D-4D9C-BA2A-2E0E58C4B472}.Debug|ARM.Build.0 = Debug|ARM
		{22F5E16A-9F6D-4D9C-BA2A-2E0E58C4B472}.Debug|ARM.Deploy.0 = Debug|ARM
		{22F5E16A-9F6D-4D9C-BA2A-2E0E58C4B472}.Debug|ARM64.ActiveCfg = Debug|x86
		{22F5E16A-9F6D-4D9C-BA2A-2E0E58C4B472}.Debug|iPhone.ActiveCfg = Debug|x86
		{22F5E16A-9F6D-4D9C-BA2A-2E0E58C4B472}.Debug|iPhoneSimulator.ActiveCfg = Debug|x86
		{22F5E16A-9F6D-4D9C-BA2A-2E0E58C4B472}.Debug|x64.ActiveCfg = Debug|x64
		{22F5E16A-9F6D-4D9C-BA2A-2E0E58C4B472}.Debug|x64.Build.0 = Debug|x64
		{22F5E16A-9F6D-4D9C-BA2A-2E0E58C4B472}.Debug|x64.Deploy.0 = Debug|x64
		{22F5E16A-9F6D-4D9C-BA2A-2E0E58C4B472}.Debug|x86.ActiveCfg = Debug|x86
		{22F5E16A-9F6D-4D9C-BA2A-2E0E58C4B472}.Debug|x86.Build.0 = Debug|x86
		{22F5E16A-9F6D-4D9C-BA2A-2E0E58C4B472}.Debug|x86.Deploy.0 = Debug|x86
		{22F5E16A-9F6D-4D9C-BA2A-2E0E58C4B472}.Release|Any CPU.ActiveCfg = Release|x86
		{22F5E16A-9F6D-4D9C-BA2A-2E0E58C4B472}.Release|ARM.ActiveCfg = Release|ARM
		{22F5E16A-9F6D-4D9C-BA2A-2E0E58C4B472}.Release|ARM.Build.0 = Release|ARM
		{22F5E16A-9F6D-4D9C-BA2A-2E0E58C4B472}.Release|ARM.Deploy.0 = Release|ARM
		{22F5E16A-9F6D-4D9C-BA2A-2E0E58C4B472}.Release|ARM64.ActiveCfg = Release|x86
		{22F5E16A-9F6D-4D9C-BA2A-2E0E58C4B472}.Release|iPhone.ActiveCfg = Release|x86
		{22F5E16A-9F6D-4D9C-BA2A-2E0E58C4B472}.Release|iPhoneSimulator.ActiveCfg = Release|x86
		{22F5E16A-9F6D-4D9C-BA2A-2E0E58C4B472}.Release|x64.ActiveCfg = Release|x64
		{22F5E16A-9F6D-4D9C-BA2A-2E0E58C4B472}.Release|x64.Build.0 = Release|x64
		{22F5E16A-9F6D-4D9C-BA2A-2E0E58C4B472}.Release|x64.Deploy.0 = Release|x64
		{22F5E16A-9F6D-4D9C-BA2A-2E0E58C4B472}.Release|x86.ActiveCfg = Release|x86
		{22F5E16A-9F6D-4D9C-BA2A-2E0E58C4B472}.Release|x86.Build.0 = Release|x86
		{22F5E16A-9F6D-4D9C-BA2A-2E0E58C4B472}.Release|x86.Deploy.0 = Release|x86
		{3D17B6B3-8DC6-4900-9664-49A047465538}.Ad-Hoc|Any CPU.ActiveCfg = Debug|Any CPU
		{3D17B6B3-8DC6-4900-9664-49A047465538}.Ad-Hoc|Any CPU.Build.0 = Debug|Any CPU
		{3D17B6B3-8DC6-4900-9664-49A047465538}.Ad-Hoc|ARM.ActiveCfg = Debug|Any CPU
		{3D17B6B3-8DC6-4900-9664-49A047465538}.Ad-Hoc|ARM.Build.0 = Debug|Any CPU
		{3D17B6B3-8DC6-4900-9664-49A047465538}.Ad-Hoc|ARM64.ActiveCfg = Release|Any CPU
		{3D17B6B3-8DC6-4900-9664-49A047465538}.Ad-Hoc|ARM64.Build.0 = Release|Any CPU
		{3D17B6B3-8DC6-4900-9664-49A047465538}.Ad-Hoc|iPhone.ActiveCfg = Debug|Any CPU
		{3D17B6B3-8DC6-4900-9664-49A047465538}.Ad-Hoc|iPhone.Build.0 = Debug|Any CPU
		{3D17B6B3-8DC6-4900-9664-49A047465538}.Ad-Hoc|iPhoneSimulator.ActiveCfg = Debug|Any CPU
		{3D17B6B3-8DC6-4900-9664-49A047465538}.Ad-Hoc|iPhoneSimulator.Build.0 = Debug|Any CPU
		{3D17B6B3-8DC6-4900-9664-49A047465538}.Ad-Hoc|x64.ActiveCfg = Debug|Any CPU
		{3D17B6B3-8DC6-4900-9664-49A047465538}.Ad-Hoc|x64.Build.0 = Debug|Any CPU
		{3D17B6B3-8DC6-4900-9664-49A047465538}.Ad-Hoc|x86.ActiveCfg = Debug|Any CPU
		{3D17B6B3-8DC6-4900-9664-49A047465538}.Ad-Hoc|x86.Build.0 = Debug|Any CPU
		{3D17B6B3-8DC6-4900-9664-49A047465538}.AppStore|Any CPU.ActiveCfg = Debug|Any CPU
		{3D17B6B3-8DC6-4900-9664-49A047465538}.AppStore|Any CPU.Build.0 = Debug|Any CPU
		{3D17B6B3-8DC6-4900-9664-49A047465538}.AppStore|ARM.ActiveCfg = Debug|Any CPU
		{3D17B6B3-8DC6-4900-9664-49A047465538}.AppStore|ARM.Build.0 = Debug|Any CPU
		{3D17B6B3-8DC6-4900-9664-49A047465538}.AppStore|ARM64.ActiveCfg = Release|Any CPU
		{3D17B6B3-8DC6-4900-9664-49A047465538}.AppStore|ARM64.Build.0 = Release|Any CPU
		{3D17B6B3-8DC6-4900-9664-49A047465538}.AppStore|iPhone.ActiveCfg = Debug|Any CPU
		{3D17B6B3-8DC6-4900-9664-49A047465538}.AppStore|iPhone.Build.0 = Debug|Any CPU
		{3D17B6B3-8DC6-4900-9664-49A047465538}.AppStore|iPhoneSimulator.ActiveCfg = Debug|Any CPU
		{3D17B6B3-8DC6-4900-9664-49A047465538}.AppStore|iPhoneSimulator.Build.0 = Debug|Any CPU
		{3D17B6B3-8DC6-4900-9664-49A047465538}.AppStore|x64.ActiveCfg = Debug|Any CPU
		{3D17B6B3-8DC6-4900-9664-49A047465538}.AppStore|x64.Build.0 = Debug|Any CPU
		{3D17B6B3-8DC6-4900-9664-49A047465538}.AppStore|x86.ActiveCfg = Debug|Any CPU
		{3D17B6B3-8DC6-4900-9664-49A047465538}.AppStore|x86.Build.0 = Debug|Any CPU
		{3D17B6B3-8DC6-4900-9664-49A047465538}.Debug|Any CPU.ActiveCfg = Debug|Any CPU
		{3D17B6B3-8DC6-4900-9664-49A047465538}.Debug|Any CPU.Build.0 = Debug|Any CPU
		{3D17B6B3-8DC6-4900-9664-49A047465538}.Debug|ARM.ActiveCfg = Debug|Any CPU
		{3D17B6B3-8DC6-4900-9664-49A047465538}.Debug|ARM.Build.0 = Debug|Any CPU
		{3D17B6B3-8DC6-4900-9664-49A047465538}.Debug|ARM64.ActiveCfg = Debug|Any CPU
		{3D17B6B3-8DC6-4900-9664-49A047465538}.Debug|ARM64.Build.0 = Debug|Any CPU
		{3D17B6B3-8DC6-4900-9664-49A047465538}.Debug|iPhone.ActiveCfg = Debug|Any CPU
		{3D17B6B3-8DC6-4900-9664-49A047465538}.Debug|iPhone.Build.0 = Debug|Any CPU
		{3D17B6B3-8DC6-4900-9664-49A047465538}.Debug|iPhoneSimulator.ActiveCfg = Debug|Any CPU
		{3D17B6B3-8DC6-4900-9664-49A047465538}.Debug|iPhoneSimulator.Build.0 = Debug|Any CPU
		{3D17B6B3-8DC6-4900-9664-49A047465538}.Debug|x64.ActiveCfg = Debug|Any CPU
		{3D17B6B3-8DC6-4900-9664-49A047465538}.Debug|x64.Build.0 = Debug|Any CPU
		{3D17B6B3-8DC6-4900-9664-49A047465538}.Debug|x86.ActiveCfg = Debug|Any CPU
		{3D17B6B3-8DC6-4900-9664-49A047465538}.Debug|x86.Build.0 = Debug|Any CPU
		{3D17B6B3-8DC6-4900-9664-49A047465538}.Release|Any CPU.ActiveCfg = Release|Any CPU
		{3D17B6B3-8DC6-4900-9664-49A047465538}.Release|Any CPU.Build.0 = Release|Any CPU
		{3D17B6B3-8DC6-4900-9664-49A047465538}.Release|ARM.ActiveCfg = Release|Any CPU
		{3D17B6B3-8DC6-4900-9664-49A047465538}.Release|ARM.Build.0 = Release|Any CPU
		{3D17B6B3-8DC6-4900-9664-49A047465538}.Release|ARM64.ActiveCfg = Release|Any CPU
		{3D17B6B3-8DC6-4900-9664-49A047465538}.Release|ARM64.Build.0 = Release|Any CPU
		{3D17B6B3-8DC6-4900-9664-49A047465538}.Release|iPhone.ActiveCfg = Release|Any CPU
		{3D17B6B3-8DC6-4900-9664-49A047465538}.Release|iPhone.Build.0 = Release|Any CPU
		{3D17B6B3-8DC6-4900-9664-49A047465538}.Release|iPhoneSimulator.ActiveCfg = Release|Any CPU
		{3D17B6B3-8DC6-4900-9664-49A047465538}.Release|iPhoneSimulator.Build.0 = Release|Any CPU
		{3D17B6B3-8DC6-4900-9664-49A047465538}.Release|x64.ActiveCfg = Release|Any CPU
		{3D17B6B3-8DC6-4900-9664-49A047465538}.Release|x64.Build.0 = Release|Any CPU
		{3D17B6B3-8DC6-4900-9664-49A047465538}.Release|x86.ActiveCfg = Release|Any CPU
		{3D17B6B3-8DC6-4900-9664-49A047465538}.Release|x86.Build.0 = Release|Any CPU
		{3187AFCF-BBCE-4A66-B0B7-1D53D19D9B2E}.Ad-Hoc|Any CPU.ActiveCfg = Release|Any CPU
		{3187AFCF-BBCE-4A66-B0B7-1D53D19D9B2E}.Ad-Hoc|Any CPU.Build.0 = Release|Any CPU
		{3187AFCF-BBCE-4A66-B0B7-1D53D19D9B2E}.Ad-Hoc|ARM.ActiveCfg = Release|Any CPU
		{3187AFCF-BBCE-4A66-B0B7-1D53D19D9B2E}.Ad-Hoc|ARM.Build.0 = Release|Any CPU
		{3187AFCF-BBCE-4A66-B0B7-1D53D19D9B2E}.Ad-Hoc|ARM64.ActiveCfg = Release|Any CPU
		{3187AFCF-BBCE-4A66-B0B7-1D53D19D9B2E}.Ad-Hoc|ARM64.Build.0 = Release|Any CPU
		{3187AFCF-BBCE-4A66-B0B7-1D53D19D9B2E}.Ad-Hoc|iPhone.ActiveCfg = Release|Any CPU
		{3187AFCF-BBCE-4A66-B0B7-1D53D19D9B2E}.Ad-Hoc|iPhone.Build.0 = Release|Any CPU
		{3187AFCF-BBCE-4A66-B0B7-1D53D19D9B2E}.Ad-Hoc|iPhoneSimulator.ActiveCfg = Release|Any CPU
		{3187AFCF-BBCE-4A66-B0B7-1D53D19D9B2E}.Ad-Hoc|iPhoneSimulator.Build.0 = Release|Any CPU
		{3187AFCF-BBCE-4A66-B0B7-1D53D19D9B2E}.Ad-Hoc|x64.ActiveCfg = Release|Any CPU
		{3187AFCF-BBCE-4A66-B0B7-1D53D19D9B2E}.Ad-Hoc|x64.Build.0 = Release|Any CPU
		{3187AFCF-BBCE-4A66-B0B7-1D53D19D9B2E}.Ad-Hoc|x86.ActiveCfg = Release|Any CPU
		{3187AFCF-BBCE-4A66-B0B7-1D53D19D9B2E}.Ad-Hoc|x86.Build.0 = Release|Any CPU
		{3187AFCF-BBCE-4A66-B0B7-1D53D19D9B2E}.AppStore|Any CPU.ActiveCfg = Release|Any CPU
		{3187AFCF-BBCE-4A66-B0B7-1D53D19D9B2E}.AppStore|Any CPU.Build.0 = Release|Any CPU
		{3187AFCF-BBCE-4A66-B0B7-1D53D19D9B2E}.AppStore|ARM.ActiveCfg = Release|Any CPU
		{3187AFCF-BBCE-4A66-B0B7-1D53D19D9B2E}.AppStore|ARM.Build.0 = Release|Any CPU
		{3187AFCF-BBCE-4A66-B0B7-1D53D19D9B2E}.AppStore|ARM64.ActiveCfg = Release|Any CPU
		{3187AFCF-BBCE-4A66-B0B7-1D53D19D9B2E}.AppStore|ARM64.Build.0 = Release|Any CPU
		{3187AFCF-BBCE-4A66-B0B7-1D53D19D9B2E}.AppStore|iPhone.ActiveCfg = Release|Any CPU
		{3187AFCF-BBCE-4A66-B0B7-1D53D19D9B2E}.AppStore|iPhone.Build.0 = Release|Any CPU
		{3187AFCF-BBCE-4A66-B0B7-1D53D19D9B2E}.AppStore|iPhoneSimulator.ActiveCfg = Release|Any CPU
		{3187AFCF-BBCE-4A66-B0B7-1D53D19D9B2E}.AppStore|iPhoneSimulator.Build.0 = Release|Any CPU
		{3187AFCF-BBCE-4A66-B0B7-1D53D19D9B2E}.AppStore|x64.ActiveCfg = Release|Any CPU
		{3187AFCF-BBCE-4A66-B0B7-1D53D19D9B2E}.AppStore|x64.Build.0 = Release|Any CPU
		{3187AFCF-BBCE-4A66-B0B7-1D53D19D9B2E}.AppStore|x86.ActiveCfg = Release|Any CPU
		{3187AFCF-BBCE-4A66-B0B7-1D53D19D9B2E}.AppStore|x86.Build.0 = Release|Any CPU
		{3187AFCF-BBCE-4A66-B0B7-1D53D19D9B2E}.Debug|Any CPU.ActiveCfg = Debug|Any CPU
		{3187AFCF-BBCE-4A66-B0B7-1D53D19D9B2E}.Debug|Any CPU.Build.0 = Debug|Any CPU
		{3187AFCF-BBCE-4A66-B0B7-1D53D19D9B2E}.Debug|ARM.ActiveCfg = Debug|Any CPU
		{3187AFCF-BBCE-4A66-B0B7-1D53D19D9B2E}.Debug|ARM.Build.0 = Debug|Any CPU
		{3187AFCF-BBCE-4A66-B0B7-1D53D19D9B2E}.Debug|ARM64.ActiveCfg = Debug|Any CPU
		{3187AFCF-BBCE-4A66-B0B7-1D53D19D9B2E}.Debug|ARM64.Build.0 = Debug|Any CPU
		{3187AFCF-BBCE-4A66-B0B7-1D53D19D9B2E}.Debug|iPhone.ActiveCfg = Debug|Any CPU
		{3187AFCF-BBCE-4A66-B0B7-1D53D19D9B2E}.Debug|iPhone.Build.0 = Debug|Any CPU
		{3187AFCF-BBCE-4A66-B0B7-1D53D19D9B2E}.Debug|iPhoneSimulator.ActiveCfg = Debug|Any CPU
		{3187AFCF-BBCE-4A66-B0B7-1D53D19D9B2E}.Debug|iPhoneSimulator.Build.0 = Debug|Any CPU
		{3187AFCF-BBCE-4A66-B0B7-1D53D19D9B2E}.Debug|x64.ActiveCfg = Debug|Any CPU
		{3187AFCF-BBCE-4A66-B0B7-1D53D19D9B2E}.Debug|x64.Build.0 = Debug|Any CPU
		{3187AFCF-BBCE-4A66-B0B7-1D53D19D9B2E}.Debug|x86.ActiveCfg = Debug|Any CPU
		{3187AFCF-BBCE-4A66-B0B7-1D53D19D9B2E}.Debug|x86.Build.0 = Debug|Any CPU
		{3187AFCF-BBCE-4A66-B0B7-1D53D19D9B2E}.Release|Any CPU.ActiveCfg = Release|Any CPU
		{3187AFCF-BBCE-4A66-B0B7-1D53D19D9B2E}.Release|Any CPU.Build.0 = Release|Any CPU
		{3187AFCF-BBCE-4A66-B0B7-1D53D19D9B2E}.Release|ARM.ActiveCfg = Release|Any CPU
		{3187AFCF-BBCE-4A66-B0B7-1D53D19D9B2E}.Release|ARM.Build.0 = Release|Any CPU
		{3187AFCF-BBCE-4A66-B0B7-1D53D19D9B2E}.Release|ARM64.ActiveCfg = Release|Any CPU
		{3187AFCF-BBCE-4A66-B0B7-1D53D19D9B2E}.Release|ARM64.Build.0 = Release|Any CPU
		{3187AFCF-BBCE-4A66-B0B7-1D53D19D9B2E}.Release|iPhone.ActiveCfg = Release|Any CPU
		{3187AFCF-BBCE-4A66-B0B7-1D53D19D9B2E}.Release|iPhone.Build.0 = Release|Any CPU
		{3187AFCF-BBCE-4A66-B0B7-1D53D19D9B2E}.Release|iPhoneSimulator.ActiveCfg = Release|Any CPU
		{3187AFCF-BBCE-4A66-B0B7-1D53D19D9B2E}.Release|iPhoneSimulator.Build.0 = Release|Any CPU
		{3187AFCF-BBCE-4A66-B0B7-1D53D19D9B2E}.Release|x64.ActiveCfg = Release|Any CPU
		{3187AFCF-BBCE-4A66-B0B7-1D53D19D9B2E}.Release|x64.Build.0 = Release|Any CPU
		{3187AFCF-BBCE-4A66-B0B7-1D53D19D9B2E}.Release|x86.ActiveCfg = Release|Any CPU
		{3187AFCF-BBCE-4A66-B0B7-1D53D19D9B2E}.Release|x86.Build.0 = Release|Any CPU
		{422C9154-2AF0-4702-AF1D-39FFDAB7D755}.Ad-Hoc|Any CPU.ActiveCfg = Debug|Any CPU
		{422C9154-2AF0-4702-AF1D-39FFDAB7D755}.Ad-Hoc|Any CPU.Build.0 = Debug|Any CPU
		{422C9154-2AF0-4702-AF1D-39FFDAB7D755}.Ad-Hoc|ARM.ActiveCfg = Debug|Any CPU
		{422C9154-2AF0-4702-AF1D-39FFDAB7D755}.Ad-Hoc|ARM.Build.0 = Debug|Any CPU
		{422C9154-2AF0-4702-AF1D-39FFDAB7D755}.Ad-Hoc|ARM64.ActiveCfg = Debug|Any CPU
		{422C9154-2AF0-4702-AF1D-39FFDAB7D755}.Ad-Hoc|ARM64.Build.0 = Debug|Any CPU
		{422C9154-2AF0-4702-AF1D-39FFDAB7D755}.Ad-Hoc|iPhone.ActiveCfg = Debug|Any CPU
		{422C9154-2AF0-4702-AF1D-39FFDAB7D755}.Ad-Hoc|iPhone.Build.0 = Debug|Any CPU
		{422C9154-2AF0-4702-AF1D-39FFDAB7D755}.Ad-Hoc|iPhoneSimulator.ActiveCfg = Debug|Any CPU
		{422C9154-2AF0-4702-AF1D-39FFDAB7D755}.Ad-Hoc|iPhoneSimulator.Build.0 = Debug|Any CPU
		{422C9154-2AF0-4702-AF1D-39FFDAB7D755}.Ad-Hoc|x64.ActiveCfg = Debug|Any CPU
		{422C9154-2AF0-4702-AF1D-39FFDAB7D755}.Ad-Hoc|x64.Build.0 = Debug|Any CPU
		{422C9154-2AF0-4702-AF1D-39FFDAB7D755}.Ad-Hoc|x86.ActiveCfg = Debug|Any CPU
		{422C9154-2AF0-4702-AF1D-39FFDAB7D755}.Ad-Hoc|x86.Build.0 = Debug|Any CPU
		{422C9154-2AF0-4702-AF1D-39FFDAB7D755}.AppStore|Any CPU.ActiveCfg = Debug|Any CPU
		{422C9154-2AF0-4702-AF1D-39FFDAB7D755}.AppStore|Any CPU.Build.0 = Debug|Any CPU
		{422C9154-2AF0-4702-AF1D-39FFDAB7D755}.AppStore|ARM.ActiveCfg = Debug|Any CPU
		{422C9154-2AF0-4702-AF1D-39FFDAB7D755}.AppStore|ARM.Build.0 = Debug|Any CPU
		{422C9154-2AF0-4702-AF1D-39FFDAB7D755}.AppStore|ARM64.ActiveCfg = Debug|Any CPU
		{422C9154-2AF0-4702-AF1D-39FFDAB7D755}.AppStore|ARM64.Build.0 = Debug|Any CPU
		{422C9154-2AF0-4702-AF1D-39FFDAB7D755}.AppStore|iPhone.ActiveCfg = Debug|Any CPU
		{422C9154-2AF0-4702-AF1D-39FFDAB7D755}.AppStore|iPhone.Build.0 = Debug|Any CPU
		{422C9154-2AF0-4702-AF1D-39FFDAB7D755}.AppStore|iPhoneSimulator.ActiveCfg = Debug|Any CPU
		{422C9154-2AF0-4702-AF1D-39FFDAB7D755}.AppStore|iPhoneSimulator.Build.0 = Debug|Any CPU
		{422C9154-2AF0-4702-AF1D-39FFDAB7D755}.AppStore|x64.ActiveCfg = Debug|Any CPU
		{422C9154-2AF0-4702-AF1D-39FFDAB7D755}.AppStore|x64.Build.0 = Debug|Any CPU
		{422C9154-2AF0-4702-AF1D-39FFDAB7D755}.AppStore|x86.ActiveCfg = Debug|Any CPU
		{422C9154-2AF0-4702-AF1D-39FFDAB7D755}.AppStore|x86.Build.0 = Debug|Any CPU
		{422C9154-2AF0-4702-AF1D-39FFDAB7D755}.Debug|Any CPU.ActiveCfg = Debug|Any CPU
		{422C9154-2AF0-4702-AF1D-39FFDAB7D755}.Debug|Any CPU.Build.0 = Debug|Any CPU
		{422C9154-2AF0-4702-AF1D-39FFDAB7D755}.Debug|ARM.ActiveCfg = Debug|Any CPU
		{422C9154-2AF0-4702-AF1D-39FFDAB7D755}.Debug|ARM.Build.0 = Debug|Any CPU
		{422C9154-2AF0-4702-AF1D-39FFDAB7D755}.Debug|ARM64.ActiveCfg = Debug|Any CPU
		{422C9154-2AF0-4702-AF1D-39FFDAB7D755}.Debug|ARM64.Build.0 = Debug|Any CPU
		{422C9154-2AF0-4702-AF1D-39FFDAB7D755}.Debug|iPhone.ActiveCfg = Debug|Any CPU
		{422C9154-2AF0-4702-AF1D-39FFDAB7D755}.Debug|iPhone.Build.0 = Debug|Any CPU
		{422C9154-2AF0-4702-AF1D-39FFDAB7D755}.Debug|iPhoneSimulator.ActiveCfg = Debug|Any CPU
		{422C9154-2AF0-4702-AF1D-39FFDAB7D755}.Debug|iPhoneSimulator.Build.0 = Debug|Any CPU
		{422C9154-2AF0-4702-AF1D-39FFDAB7D755}.Debug|x64.ActiveCfg = Debug|Any CPU
		{422C9154-2AF0-4702-AF1D-39FFDAB7D755}.Debug|x64.Build.0 = Debug|Any CPU
		{422C9154-2AF0-4702-AF1D-39FFDAB7D755}.Debug|x86.ActiveCfg = Debug|Any CPU
		{422C9154-2AF0-4702-AF1D-39FFDAB7D755}.Debug|x86.Build.0 = Debug|Any CPU
		{422C9154-2AF0-4702-AF1D-39FFDAB7D755}.Release|Any CPU.ActiveCfg = Release|Any CPU
		{422C9154-2AF0-4702-AF1D-39FFDAB7D755}.Release|Any CPU.Build.0 = Release|Any CPU
		{422C9154-2AF0-4702-AF1D-39FFDAB7D755}.Release|ARM.ActiveCfg = Release|Any CPU
		{422C9154-2AF0-4702-AF1D-39FFDAB7D755}.Release|ARM.Build.0 = Release|Any CPU
		{422C9154-2AF0-4702-AF1D-39FFDAB7D755}.Release|ARM64.ActiveCfg = Release|Any CPU
		{422C9154-2AF0-4702-AF1D-39FFDAB7D755}.Release|ARM64.Build.0 = Release|Any CPU
		{422C9154-2AF0-4702-AF1D-39FFDAB7D755}.Release|iPhone.ActiveCfg = Release|Any CPU
		{422C9154-2AF0-4702-AF1D-39FFDAB7D755}.Release|iPhone.Build.0 = Release|Any CPU
		{422C9154-2AF0-4702-AF1D-39FFDAB7D755}.Release|iPhoneSimulator.ActiveCfg = Release|Any CPU
		{422C9154-2AF0-4702-AF1D-39FFDAB7D755}.Release|iPhoneSimulator.Build.0 = Release|Any CPU
		{422C9154-2AF0-4702-AF1D-39FFDAB7D755}.Release|x64.ActiveCfg = Release|Any CPU
		{422C9154-2AF0-4702-AF1D-39FFDAB7D755}.Release|x64.Build.0 = Release|Any CPU
		{422C9154-2AF0-4702-AF1D-39FFDAB7D755}.Release|x86.ActiveCfg = Release|Any CPU
		{422C9154-2AF0-4702-AF1D-39FFDAB7D755}.Release|x86.Build.0 = Release|Any CPU
		{B1448B39-8BAA-4922-BD1B-8FC1D1B9EEAB}.Ad-Hoc|Any CPU.ActiveCfg = Release|x64
		{B1448B39-8BAA-4922-BD1B-8FC1D1B9EEAB}.Ad-Hoc|Any CPU.Build.0 = Release|x64
		{B1448B39-8BAA-4922-BD1B-8FC1D1B9EEAB}.Ad-Hoc|Any CPU.Deploy.0 = Release|x64
		{B1448B39-8BAA-4922-BD1B-8FC1D1B9EEAB}.Ad-Hoc|ARM.ActiveCfg = Release|ARM
		{B1448B39-8BAA-4922-BD1B-8FC1D1B9EEAB}.Ad-Hoc|ARM.Build.0 = Release|ARM
		{B1448B39-8BAA-4922-BD1B-8FC1D1B9EEAB}.Ad-Hoc|ARM.Deploy.0 = Release|ARM
		{B1448B39-8BAA-4922-BD1B-8FC1D1B9EEAB}.Ad-Hoc|ARM64.ActiveCfg = Release|ARM64
		{B1448B39-8BAA-4922-BD1B-8FC1D1B9EEAB}.Ad-Hoc|ARM64.Build.0 = Release|ARM64
		{B1448B39-8BAA-4922-BD1B-8FC1D1B9EEAB}.Ad-Hoc|ARM64.Deploy.0 = Release|ARM64
		{B1448B39-8BAA-4922-BD1B-8FC1D1B9EEAB}.Ad-Hoc|iPhone.ActiveCfg = Release|x64
		{B1448B39-8BAA-4922-BD1B-8FC1D1B9EEAB}.Ad-Hoc|iPhone.Build.0 = Release|x64
		{B1448B39-8BAA-4922-BD1B-8FC1D1B9EEAB}.Ad-Hoc|iPhone.Deploy.0 = Release|x64
		{B1448B39-8BAA-4922-BD1B-8FC1D1B9EEAB}.Ad-Hoc|iPhoneSimulator.ActiveCfg = Release|x64
		{B1448B39-8BAA-4922-BD1B-8FC1D1B9EEAB}.Ad-Hoc|iPhoneSimulator.Build.0 = Release|x64
		{B1448B39-8BAA-4922-BD1B-8FC1D1B9EEAB}.Ad-Hoc|iPhoneSimulator.Deploy.0 = Release|x64
		{B1448B39-8BAA-4922-BD1B-8FC1D1B9EEAB}.Ad-Hoc|x64.ActiveCfg = Release|x64
		{B1448B39-8BAA-4922-BD1B-8FC1D1B9EEAB}.Ad-Hoc|x64.Build.0 = Release|x64
		{B1448B39-8BAA-4922-BD1B-8FC1D1B9EEAB}.Ad-Hoc|x64.Deploy.0 = Release|x64
		{B1448B39-8BAA-4922-BD1B-8FC1D1B9EEAB}.Ad-Hoc|x86.ActiveCfg = Release|x86
		{B1448B39-8BAA-4922-BD1B-8FC1D1B9EEAB}.Ad-Hoc|x86.Build.0 = Release|x86
		{B1448B39-8BAA-4922-BD1B-8FC1D1B9EEAB}.Ad-Hoc|x86.Deploy.0 = Release|x86
		{B1448B39-8BAA-4922-BD1B-8FC1D1B9EEAB}.AppStore|Any CPU.ActiveCfg = Release|x64
		{B1448B39-8BAA-4922-BD1B-8FC1D1B9EEAB}.AppStore|Any CPU.Build.0 = Release|x64
		{B1448B39-8BAA-4922-BD1B-8FC1D1B9EEAB}.AppStore|Any CPU.Deploy.0 = Release|x64
		{B1448B39-8BAA-4922-BD1B-8FC1D1B9EEAB}.AppStore|ARM.ActiveCfg = Release|ARM
		{B1448B39-8BAA-4922-BD1B-8FC1D1B9EEAB}.AppStore|ARM.Build.0 = Release|ARM
		{B1448B39-8BAA-4922-BD1B-8FC1D1B9EEAB}.AppStore|ARM.Deploy.0 = Release|ARM
		{B1448B39-8BAA-4922-BD1B-8FC1D1B9EEAB}.AppStore|ARM64.ActiveCfg = Release|ARM64
		{B1448B39-8BAA-4922-BD1B-8FC1D1B9EEAB}.AppStore|ARM64.Build.0 = Release|ARM64
		{B1448B39-8BAA-4922-BD1B-8FC1D1B9EEAB}.AppStore|ARM64.Deploy.0 = Release|ARM64
		{B1448B39-8BAA-4922-BD1B-8FC1D1B9EEAB}.AppStore|iPhone.ActiveCfg = Release|x64
		{B1448B39-8BAA-4922-BD1B-8FC1D1B9EEAB}.AppStore|iPhone.Build.0 = Release|x64
		{B1448B39-8BAA-4922-BD1B-8FC1D1B9EEAB}.AppStore|iPhone.Deploy.0 = Release|x64
		{B1448B39-8BAA-4922-BD1B-8FC1D1B9EEAB}.AppStore|iPhoneSimulator.ActiveCfg = Release|x64
		{B1448B39-8BAA-4922-BD1B-8FC1D1B9EEAB}.AppStore|iPhoneSimulator.Build.0 = Release|x64
		{B1448B39-8BAA-4922-BD1B-8FC1D1B9EEAB}.AppStore|iPhoneSimulator.Deploy.0 = Release|x64
		{B1448B39-8BAA-4922-BD1B-8FC1D1B9EEAB}.AppStore|x64.ActiveCfg = Release|x64
		{B1448B39-8BAA-4922-BD1B-8FC1D1B9EEAB}.AppStore|x64.Build.0 = Release|x64
		{B1448B39-8BAA-4922-BD1B-8FC1D1B9EEAB}.AppStore|x64.Deploy.0 = Release|x64
		{B1448B39-8BAA-4922-BD1B-8FC1D1B9EEAB}.AppStore|x86.ActiveCfg = Release|x86
		{B1448B39-8BAA-4922-BD1B-8FC1D1B9EEAB}.AppStore|x86.Build.0 = Release|x86
		{B1448B39-8BAA-4922-BD1B-8FC1D1B9EEAB}.AppStore|x86.Deploy.0 = Release|x86
		{B1448B39-8BAA-4922-BD1B-8FC1D1B9EEAB}.Debug|Any CPU.ActiveCfg = Debug|x86
		{B1448B39-8BAA-4922-BD1B-8FC1D1B9EEAB}.Debug|ARM.ActiveCfg = Debug|ARM
		{B1448B39-8BAA-4922-BD1B-8FC1D1B9EEAB}.Debug|ARM.Build.0 = Debug|ARM
		{B1448B39-8BAA-4922-BD1B-8FC1D1B9EEAB}.Debug|ARM.Deploy.0 = Debug|ARM
		{B1448B39-8BAA-4922-BD1B-8FC1D1B9EEAB}.Debug|ARM64.ActiveCfg = Debug|ARM64
		{B1448B39-8BAA-4922-BD1B-8FC1D1B9EEAB}.Debug|ARM64.Build.0 = Debug|ARM64
		{B1448B39-8BAA-4922-BD1B-8FC1D1B9EEAB}.Debug|ARM64.Deploy.0 = Debug|ARM64
		{B1448B39-8BAA-4922-BD1B-8FC1D1B9EEAB}.Debug|iPhone.ActiveCfg = Debug|x86
		{B1448B39-8BAA-4922-BD1B-8FC1D1B9EEAB}.Debug|iPhoneSimulator.ActiveCfg = Debug|x86
		{B1448B39-8BAA-4922-BD1B-8FC1D1B9EEAB}.Debug|x64.ActiveCfg = Debug|x64
		{B1448B39-8BAA-4922-BD1B-8FC1D1B9EEAB}.Debug|x64.Build.0 = Debug|x64
		{B1448B39-8BAA-4922-BD1B-8FC1D1B9EEAB}.Debug|x64.Deploy.0 = Debug|x64
		{B1448B39-8BAA-4922-BD1B-8FC1D1B9EEAB}.Debug|x86.ActiveCfg = Debug|x86
		{B1448B39-8BAA-4922-BD1B-8FC1D1B9EEAB}.Debug|x86.Build.0 = Debug|x86
		{B1448B39-8BAA-4922-BD1B-8FC1D1B9EEAB}.Debug|x86.Deploy.0 = Debug|x86
		{B1448B39-8BAA-4922-BD1B-8FC1D1B9EEAB}.Release|Any CPU.ActiveCfg = Release|x86
		{B1448B39-8BAA-4922-BD1B-8FC1D1B9EEAB}.Release|ARM.ActiveCfg = Release|ARM
		{B1448B39-8BAA-4922-BD1B-8FC1D1B9EEAB}.Release|ARM.Build.0 = Release|ARM
		{B1448B39-8BAA-4922-BD1B-8FC1D1B9EEAB}.Release|ARM.Deploy.0 = Release|ARM
		{B1448B39-8BAA-4922-BD1B-8FC1D1B9EEAB}.Release|ARM64.ActiveCfg = Release|ARM64
		{B1448B39-8BAA-4922-BD1B-8FC1D1B9EEAB}.Release|ARM64.Build.0 = Release|ARM64
		{B1448B39-8BAA-4922-BD1B-8FC1D1B9EEAB}.Release|ARM64.Deploy.0 = Release|ARM64
		{B1448B39-8BAA-4922-BD1B-8FC1D1B9EEAB}.Release|iPhone.ActiveCfg = Release|x86
		{B1448B39-8BAA-4922-BD1B-8FC1D1B9EEAB}.Release|iPhoneSimulator.ActiveCfg = Release|x86
		{B1448B39-8BAA-4922-BD1B-8FC1D1B9EEAB}.Release|x64.ActiveCfg = Release|x64
		{B1448B39-8BAA-4922-BD1B-8FC1D1B9EEAB}.Release|x64.Build.0 = Release|x64
		{B1448B39-8BAA-4922-BD1B-8FC1D1B9EEAB}.Release|x64.Deploy.0 = Release|x64
		{B1448B39-8BAA-4922-BD1B-8FC1D1B9EEAB}.Release|x86.ActiveCfg = Release|x86
		{B1448B39-8BAA-4922-BD1B-8FC1D1B9EEAB}.Release|x86.Build.0 = Release|x86
		{B1448B39-8BAA-4922-BD1B-8FC1D1B9EEAB}.Release|x86.Deploy.0 = Release|x86
		{A667742A-B887-4B46-8EC1-C671E8BEC5E4}.Ad-Hoc|Any CPU.ActiveCfg = Release|ARM
		{A667742A-B887-4B46-8EC1-C671E8BEC5E4}.Ad-Hoc|Any CPU.Build.0 = Release|ARM
		{A667742A-B887-4B46-8EC1-C671E8BEC5E4}.Ad-Hoc|ARM.ActiveCfg = Release|ARM
		{A667742A-B887-4B46-8EC1-C671E8BEC5E4}.Ad-Hoc|ARM.Build.0 = Release|ARM
		{A667742A-B887-4B46-8EC1-C671E8BEC5E4}.Ad-Hoc|ARM64.ActiveCfg = Release|ARM
		{A667742A-B887-4B46-8EC1-C671E8BEC5E4}.Ad-Hoc|ARM64.Build.0 = Release|ARM
		{A667742A-B887-4B46-8EC1-C671E8BEC5E4}.Ad-Hoc|iPhone.ActiveCfg = Release|ARM
		{A667742A-B887-4B46-8EC1-C671E8BEC5E4}.Ad-Hoc|iPhone.Build.0 = Release|ARM
		{A667742A-B887-4B46-8EC1-C671E8BEC5E4}.Ad-Hoc|iPhoneSimulator.ActiveCfg = Release|ARM
		{A667742A-B887-4B46-8EC1-C671E8BEC5E4}.Ad-Hoc|iPhoneSimulator.Build.0 = Release|ARM
		{A667742A-B887-4B46-8EC1-C671E8BEC5E4}.Ad-Hoc|x64.ActiveCfg = Release|ARM
		{A667742A-B887-4B46-8EC1-C671E8BEC5E4}.Ad-Hoc|x64.Build.0 = Release|ARM
		{A667742A-B887-4B46-8EC1-C671E8BEC5E4}.Ad-Hoc|x86.ActiveCfg = Release|ARM
		{A667742A-B887-4B46-8EC1-C671E8BEC5E4}.Ad-Hoc|x86.Build.0 = Release|ARM
		{A667742A-B887-4B46-8EC1-C671E8BEC5E4}.AppStore|Any CPU.ActiveCfg = Release|ARM
		{A667742A-B887-4B46-8EC1-C671E8BEC5E4}.AppStore|Any CPU.Build.0 = Release|ARM
		{A667742A-B887-4B46-8EC1-C671E8BEC5E4}.AppStore|ARM.ActiveCfg = Release|ARM
		{A667742A-B887-4B46-8EC1-C671E8BEC5E4}.AppStore|ARM.Build.0 = Release|ARM
		{A667742A-B887-4B46-8EC1-C671E8BEC5E4}.AppStore|ARM64.ActiveCfg = Release|ARM
		{A667742A-B887-4B46-8EC1-C671E8BEC5E4}.AppStore|ARM64.Build.0 = Release|ARM
		{A667742A-B887-4B46-8EC1-C671E8BEC5E4}.AppStore|iPhone.ActiveCfg = Release|ARM
		{A667742A-B887-4B46-8EC1-C671E8BEC5E4}.AppStore|iPhone.Build.0 = Release|ARM
		{A667742A-B887-4B46-8EC1-C671E8BEC5E4}.AppStore|iPhoneSimulator.ActiveCfg = Release|ARM
		{A667742A-B887-4B46-8EC1-C671E8BEC5E4}.AppStore|iPhoneSimulator.Build.0 = Release|ARM
		{A667742A-B887-4B46-8EC1-C671E8BEC5E4}.AppStore|x64.ActiveCfg = Release|ARM
		{A667742A-B887-4B46-8EC1-C671E8BEC5E4}.AppStore|x64.Build.0 = Release|ARM
		{A667742A-B887-4B46-8EC1-C671E8BEC5E4}.AppStore|x86.ActiveCfg = Release|ARM
		{A667742A-B887-4B46-8EC1-C671E8BEC5E4}.AppStore|x86.Build.0 = Release|ARM
		{A667742A-B887-4B46-8EC1-C671E8BEC5E4}.Debug|Any CPU.ActiveCfg = Debug|ARM
		{A667742A-B887-4B46-8EC1-C671E8BEC5E4}.Debug|ARM.ActiveCfg = Debug|ARM
		{A667742A-B887-4B46-8EC1-C671E8BEC5E4}.Debug|ARM.Build.0 = Debug|ARM
		{A667742A-B887-4B46-8EC1-C671E8BEC5E4}.Debug|ARM64.ActiveCfg = Debug|ARM
		{A667742A-B887-4B46-8EC1-C671E8BEC5E4}.Debug|iPhone.ActiveCfg = Debug|ARM
		{A667742A-B887-4B46-8EC1-C671E8BEC5E4}.Debug|iPhoneSimulator.ActiveCfg = Debug|ARM
		{A667742A-B887-4B46-8EC1-C671E8BEC5E4}.Debug|x64.ActiveCfg = Debug|ARM
		{A667742A-B887-4B46-8EC1-C671E8BEC5E4}.Debug|x86.ActiveCfg = Debug|ARM
		{A667742A-B887-4B46-8EC1-C671E8BEC5E4}.Release|Any CPU.ActiveCfg = Release|ARM
		{A667742A-B887-4B46-8EC1-C671E8BEC5E4}.Release|ARM.ActiveCfg = Release|ARM
		{A667742A-B887-4B46-8EC1-C671E8BEC5E4}.Release|ARM.Build.0 = Release|ARM
		{A667742A-B887-4B46-8EC1-C671E8BEC5E4}.Release|ARM64.ActiveCfg = Release|ARM
		{A667742A-B887-4B46-8EC1-C671E8BEC5E4}.Release|iPhone.ActiveCfg = Release|ARM
		{A667742A-B887-4B46-8EC1-C671E8BEC5E4}.Release|iPhoneSimulator.ActiveCfg = Release|ARM
		{A667742A-B887-4B46-8EC1-C671E8BEC5E4}.Release|x64.ActiveCfg = Release|ARM
		{A667742A-B887-4B46-8EC1-C671E8BEC5E4}.Release|x86.ActiveCfg = Release|ARM
		{B4380EF8-2211-4AF1-A05F-AFF9B3168182}.Ad-Hoc|Any CPU.ActiveCfg = Release|Any CPU
		{B4380EF8-2211-4AF1-A05F-AFF9B3168182}.Ad-Hoc|Any CPU.Build.0 = Release|Any CPU
		{B4380EF8-2211-4AF1-A05F-AFF9B3168182}.Ad-Hoc|Any CPU.Deploy.0 = Release|Any CPU
		{B4380EF8-2211-4AF1-A05F-AFF9B3168182}.Ad-Hoc|ARM.ActiveCfg = Release|Any CPU
		{B4380EF8-2211-4AF1-A05F-AFF9B3168182}.Ad-Hoc|ARM.Build.0 = Release|Any CPU
		{B4380EF8-2211-4AF1-A05F-AFF9B3168182}.Ad-Hoc|ARM.Deploy.0 = Release|Any CPU
		{B4380EF8-2211-4AF1-A05F-AFF9B3168182}.Ad-Hoc|ARM64.ActiveCfg = Release|Any CPU
		{B4380EF8-2211-4AF1-A05F-AFF9B3168182}.Ad-Hoc|ARM64.Build.0 = Release|Any CPU
		{B4380EF8-2211-4AF1-A05F-AFF9B3168182}.Ad-Hoc|ARM64.Deploy.0 = Release|Any CPU
		{B4380EF8-2211-4AF1-A05F-AFF9B3168182}.Ad-Hoc|iPhone.ActiveCfg = Release|Any CPU
		{B4380EF8-2211-4AF1-A05F-AFF9B3168182}.Ad-Hoc|iPhone.Build.0 = Release|Any CPU
		{B4380EF8-2211-4AF1-A05F-AFF9B3168182}.Ad-Hoc|iPhone.Deploy.0 = Release|Any CPU
		{B4380EF8-2211-4AF1-A05F-AFF9B3168182}.Ad-Hoc|iPhoneSimulator.ActiveCfg = Release|Any CPU
		{B4380EF8-2211-4AF1-A05F-AFF9B3168182}.Ad-Hoc|iPhoneSimulator.Build.0 = Release|Any CPU
		{B4380EF8-2211-4AF1-A05F-AFF9B3168182}.Ad-Hoc|iPhoneSimulator.Deploy.0 = Release|Any CPU
		{B4380EF8-2211-4AF1-A05F-AFF9B3168182}.Ad-Hoc|x64.ActiveCfg = Release|Any CPU
		{B4380EF8-2211-4AF1-A05F-AFF9B3168182}.Ad-Hoc|x64.Build.0 = Release|Any CPU
		{B4380EF8-2211-4AF1-A05F-AFF9B3168182}.Ad-Hoc|x64.Deploy.0 = Release|Any CPU
		{B4380EF8-2211-4AF1-A05F-AFF9B3168182}.Ad-Hoc|x86.ActiveCfg = Release|Any CPU
		{B4380EF8-2211-4AF1-A05F-AFF9B3168182}.Ad-Hoc|x86.Build.0 = Release|Any CPU
		{B4380EF8-2211-4AF1-A05F-AFF9B3168182}.Ad-Hoc|x86.Deploy.0 = Release|Any CPU
		{B4380EF8-2211-4AF1-A05F-AFF9B3168182}.AppStore|Any CPU.ActiveCfg = Release|Any CPU
		{B4380EF8-2211-4AF1-A05F-AFF9B3168182}.AppStore|Any CPU.Build.0 = Release|Any CPU
		{B4380EF8-2211-4AF1-A05F-AFF9B3168182}.AppStore|Any CPU.Deploy.0 = Release|Any CPU
		{B4380EF8-2211-4AF1-A05F-AFF9B3168182}.AppStore|ARM.ActiveCfg = Release|Any CPU
		{B4380EF8-2211-4AF1-A05F-AFF9B3168182}.AppStore|ARM.Build.0 = Release|Any CPU
		{B4380EF8-2211-4AF1-A05F-AFF9B3168182}.AppStore|ARM.Deploy.0 = Release|Any CPU
		{B4380EF8-2211-4AF1-A05F-AFF9B3168182}.AppStore|ARM64.ActiveCfg = Release|Any CPU
		{B4380EF8-2211-4AF1-A05F-AFF9B3168182}.AppStore|ARM64.Build.0 = Release|Any CPU
		{B4380EF8-2211-4AF1-A05F-AFF9B3168182}.AppStore|ARM64.Deploy.0 = Release|Any CPU
		{B4380EF8-2211-4AF1-A05F-AFF9B3168182}.AppStore|iPhone.ActiveCfg = Release|Any CPU
		{B4380EF8-2211-4AF1-A05F-AFF9B3168182}.AppStore|iPhone.Build.0 = Release|Any CPU
		{B4380EF8-2211-4AF1-A05F-AFF9B3168182}.AppStore|iPhone.Deploy.0 = Release|Any CPU
		{B4380EF8-2211-4AF1-A05F-AFF9B3168182}.AppStore|iPhoneSimulator.ActiveCfg = Release|Any CPU
		{B4380EF8-2211-4AF1-A05F-AFF9B3168182}.AppStore|iPhoneSimulator.Build.0 = Release|Any CPU
		{B4380EF8-2211-4AF1-A05F-AFF9B3168182}.AppStore|iPhoneSimulator.Deploy.0 = Release|Any CPU
		{B4380EF8-2211-4AF1-A05F-AFF9B3168182}.AppStore|x64.ActiveCfg = Release|Any CPU
		{B4380EF8-2211-4AF1-A05F-AFF9B3168182}.AppStore|x64.Build.0 = Release|Any CPU
		{B4380EF8-2211-4AF1-A05F-AFF9B3168182}.AppStore|x64.Deploy.0 = Release|Any CPU
		{B4380EF8-2211-4AF1-A05F-AFF9B3168182}.AppStore|x86.ActiveCfg = Release|Any CPU
		{B4380EF8-2211-4AF1-A05F-AFF9B3168182}.AppStore|x86.Build.0 = Release|Any CPU
		{B4380EF8-2211-4AF1-A05F-AFF9B3168182}.AppStore|x86.Deploy.0 = Release|Any CPU
		{B4380EF8-2211-4AF1-A05F-AFF9B3168182}.Debug|Any CPU.ActiveCfg = Debug|Any CPU
		{B4380EF8-2211-4AF1-A05F-AFF9B3168182}.Debug|Any CPU.Build.0 = Debug|Any CPU
		{B4380EF8-2211-4AF1-A05F-AFF9B3168182}.Debug|Any CPU.Deploy.0 = Debug|Any CPU
		{B4380EF8-2211-4AF1-A05F-AFF9B3168182}.Debug|ARM.ActiveCfg = Debug|Any CPU
		{B4380EF8-2211-4AF1-A05F-AFF9B3168182}.Debug|ARM.Build.0 = Debug|Any CPU
		{B4380EF8-2211-4AF1-A05F-AFF9B3168182}.Debug|ARM.Deploy.0 = Debug|Any CPU
		{B4380EF8-2211-4AF1-A05F-AFF9B3168182}.Debug|ARM64.ActiveCfg = Debug|Any CPU
		{B4380EF8-2211-4AF1-A05F-AFF9B3168182}.Debug|ARM64.Build.0 = Debug|Any CPU
		{B4380EF8-2211-4AF1-A05F-AFF9B3168182}.Debug|ARM64.Deploy.0 = Debug|Any CPU
		{B4380EF8-2211-4AF1-A05F-AFF9B3168182}.Debug|iPhone.ActiveCfg = Debug|Any CPU
		{B4380EF8-2211-4AF1-A05F-AFF9B3168182}.Debug|iPhone.Build.0 = Debug|Any CPU
		{B4380EF8-2211-4AF1-A05F-AFF9B3168182}.Debug|iPhone.Deploy.0 = Debug|Any CPU
		{B4380EF8-2211-4AF1-A05F-AFF9B3168182}.Debug|iPhoneSimulator.ActiveCfg = Debug|Any CPU
		{B4380EF8-2211-4AF1-A05F-AFF9B3168182}.Debug|iPhoneSimulator.Build.0 = Debug|Any CPU
		{B4380EF8-2211-4AF1-A05F-AFF9B3168182}.Debug|iPhoneSimulator.Deploy.0 = Debug|Any CPU
		{B4380EF8-2211-4AF1-A05F-AFF9B3168182}.Debug|x64.ActiveCfg = Debug|Any CPU
		{B4380EF8-2211-4AF1-A05F-AFF9B3168182}.Debug|x64.Build.0 = Debug|Any CPU
		{B4380EF8-2211-4AF1-A05F-AFF9B3168182}.Debug|x64.Deploy.0 = Debug|Any CPU
		{B4380EF8-2211-4AF1-A05F-AFF9B3168182}.Debug|x86.ActiveCfg = Debug|Any CPU
		{B4380EF8-2211-4AF1-A05F-AFF9B3168182}.Debug|x86.Build.0 = Debug|Any CPU
		{B4380EF8-2211-4AF1-A05F-AFF9B3168182}.Debug|x86.Deploy.0 = Debug|Any CPU
		{B4380EF8-2211-4AF1-A05F-AFF9B3168182}.Release|Any CPU.ActiveCfg = Release|Any CPU
		{B4380EF8-2211-4AF1-A05F-AFF9B3168182}.Release|Any CPU.Build.0 = Release|Any CPU
		{B4380EF8-2211-4AF1-A05F-AFF9B3168182}.Release|Any CPU.Deploy.0 = Release|Any CPU
		{B4380EF8-2211-4AF1-A05F-AFF9B3168182}.Release|ARM.ActiveCfg = Release|Any CPU
		{B4380EF8-2211-4AF1-A05F-AFF9B3168182}.Release|ARM.Build.0 = Release|Any CPU
		{B4380EF8-2211-4AF1-A05F-AFF9B3168182}.Release|ARM.Deploy.0 = Release|Any CPU
		{B4380EF8-2211-4AF1-A05F-AFF9B3168182}.Release|ARM64.ActiveCfg = Release|Any CPU
		{B4380EF8-2211-4AF1-A05F-AFF9B3168182}.Release|ARM64.Build.0 = Release|Any CPU
		{B4380EF8-2211-4AF1-A05F-AFF9B3168182}.Release|ARM64.Deploy.0 = Release|Any CPU
		{B4380EF8-2211-4AF1-A05F-AFF9B3168182}.Release|iPhone.ActiveCfg = Release|Any CPU
		{B4380EF8-2211-4AF1-A05F-AFF9B3168182}.Release|iPhone.Build.0 = Release|Any CPU
		{B4380EF8-2211-4AF1-A05F-AFF9B3168182}.Release|iPhone.Deploy.0 = Release|Any CPU
		{B4380EF8-2211-4AF1-A05F-AFF9B3168182}.Release|iPhoneSimulator.ActiveCfg = Release|Any CPU
		{B4380EF8-2211-4AF1-A05F-AFF9B3168182}.Release|iPhoneSimulator.Build.0 = Release|Any CPU
		{B4380EF8-2211-4AF1-A05F-AFF9B3168182}.Release|iPhoneSimulator.Deploy.0 = Release|Any CPU
		{B4380EF8-2211-4AF1-A05F-AFF9B3168182}.Release|x64.ActiveCfg = Release|Any CPU
		{B4380EF8-2211-4AF1-A05F-AFF9B3168182}.Release|x64.Build.0 = Release|Any CPU
		{B4380EF8-2211-4AF1-A05F-AFF9B3168182}.Release|x64.Deploy.0 = Release|Any CPU
		{B4380EF8-2211-4AF1-A05F-AFF9B3168182}.Release|x86.ActiveCfg = Release|Any CPU
		{B4380EF8-2211-4AF1-A05F-AFF9B3168182}.Release|x86.Build.0 = Release|Any CPU
		{B4380EF8-2211-4AF1-A05F-AFF9B3168182}.Release|x86.Deploy.0 = Release|Any CPU
		{EBAB80E2-D817-4257-8F6D-15C28691C1B0}.Ad-Hoc|Any CPU.ActiveCfg = Debug|Any CPU
		{EBAB80E2-D817-4257-8F6D-15C28691C1B0}.Ad-Hoc|Any CPU.Build.0 = Debug|Any CPU
		{EBAB80E2-D817-4257-8F6D-15C28691C1B0}.Ad-Hoc|ARM.ActiveCfg = Debug|Any CPU
		{EBAB80E2-D817-4257-8F6D-15C28691C1B0}.Ad-Hoc|ARM.Build.0 = Debug|Any CPU
		{EBAB80E2-D817-4257-8F6D-15C28691C1B0}.Ad-Hoc|ARM64.ActiveCfg = Debug|Any CPU
		{EBAB80E2-D817-4257-8F6D-15C28691C1B0}.Ad-Hoc|ARM64.Build.0 = Debug|Any CPU
		{EBAB80E2-D817-4257-8F6D-15C28691C1B0}.Ad-Hoc|iPhone.ActiveCfg = Debug|Any CPU
		{EBAB80E2-D817-4257-8F6D-15C28691C1B0}.Ad-Hoc|iPhone.Build.0 = Debug|Any CPU
		{EBAB80E2-D817-4257-8F6D-15C28691C1B0}.Ad-Hoc|iPhoneSimulator.ActiveCfg = Debug|Any CPU
		{EBAB80E2-D817-4257-8F6D-15C28691C1B0}.Ad-Hoc|iPhoneSimulator.Build.0 = Debug|Any CPU
		{EBAB80E2-D817-4257-8F6D-15C28691C1B0}.Ad-Hoc|x64.ActiveCfg = Debug|Any CPU
		{EBAB80E2-D817-4257-8F6D-15C28691C1B0}.Ad-Hoc|x64.Build.0 = Debug|Any CPU
		{EBAB80E2-D817-4257-8F6D-15C28691C1B0}.Ad-Hoc|x86.ActiveCfg = Debug|Any CPU
		{EBAB80E2-D817-4257-8F6D-15C28691C1B0}.Ad-Hoc|x86.Build.0 = Debug|Any CPU
		{EBAB80E2-D817-4257-8F6D-15C28691C1B0}.AppStore|Any CPU.ActiveCfg = Debug|Any CPU
		{EBAB80E2-D817-4257-8F6D-15C28691C1B0}.AppStore|Any CPU.Build.0 = Debug|Any CPU
		{EBAB80E2-D817-4257-8F6D-15C28691C1B0}.AppStore|ARM.ActiveCfg = Debug|Any CPU
		{EBAB80E2-D817-4257-8F6D-15C28691C1B0}.AppStore|ARM.Build.0 = Debug|Any CPU
		{EBAB80E2-D817-4257-8F6D-15C28691C1B0}.AppStore|ARM64.ActiveCfg = Debug|Any CPU
		{EBAB80E2-D817-4257-8F6D-15C28691C1B0}.AppStore|ARM64.Build.0 = Debug|Any CPU
		{EBAB80E2-D817-4257-8F6D-15C28691C1B0}.AppStore|iPhone.ActiveCfg = Debug|Any CPU
		{EBAB80E2-D817-4257-8F6D-15C28691C1B0}.AppStore|iPhone.Build.0 = Debug|Any CPU
		{EBAB80E2-D817-4257-8F6D-15C28691C1B0}.AppStore|iPhoneSimulator.ActiveCfg = Debug|Any CPU
		{EBAB80E2-D817-4257-8F6D-15C28691C1B0}.AppStore|iPhoneSimulator.Build.0 = Debug|Any CPU
		{EBAB80E2-D817-4257-8F6D-15C28691C1B0}.AppStore|x64.ActiveCfg = Debug|Any CPU
		{EBAB80E2-D817-4257-8F6D-15C28691C1B0}.AppStore|x64.Build.0 = Debug|Any CPU
		{EBAB80E2-D817-4257-8F6D-15C28691C1B0}.AppStore|x86.ActiveCfg = Debug|Any CPU
		{EBAB80E2-D817-4257-8F6D-15C28691C1B0}.AppStore|x86.Build.0 = Debug|Any CPU
		{EBAB80E2-D817-4257-8F6D-15C28691C1B0}.Debug|Any CPU.ActiveCfg = Debug|Any CPU
		{EBAB80E2-D817-4257-8F6D-15C28691C1B0}.Debug|Any CPU.Build.0 = Debug|Any CPU
		{EBAB80E2-D817-4257-8F6D-15C28691C1B0}.Debug|ARM.ActiveCfg = Debug|Any CPU
		{EBAB80E2-D817-4257-8F6D-15C28691C1B0}.Debug|ARM.Build.0 = Debug|Any CPU
		{EBAB80E2-D817-4257-8F6D-15C28691C1B0}.Debug|ARM64.ActiveCfg = Debug|Any CPU
		{EBAB80E2-D817-4257-8F6D-15C28691C1B0}.Debug|ARM64.Build.0 = Debug|Any CPU
		{EBAB80E2-D817-4257-8F6D-15C28691C1B0}.Debug|iPhone.ActiveCfg = Debug|Any CPU
		{EBAB80E2-D817-4257-8F6D-15C28691C1B0}.Debug|iPhone.Build.0 = Debug|Any CPU
		{EBAB80E2-D817-4257-8F6D-15C28691C1B0}.Debug|iPhoneSimulator.ActiveCfg = Debug|Any CPU
		{EBAB80E2-D817-4257-8F6D-15C28691C1B0}.Debug|iPhoneSimulator.Build.0 = Debug|Any CPU
		{EBAB80E2-D817-4257-8F6D-15C28691C1B0}.Debug|x64.ActiveCfg = Debug|Any CPU
		{EBAB80E2-D817-4257-8F6D-15C28691C1B0}.Debug|x64.Build.0 = Debug|Any CPU
		{EBAB80E2-D817-4257-8F6D-15C28691C1B0}.Debug|x86.ActiveCfg = Debug|Any CPU
		{EBAB80E2-D817-4257-8F6D-15C28691C1B0}.Debug|x86.Build.0 = Debug|Any CPU
		{EBAB80E2-D817-4257-8F6D-15C28691C1B0}.Release|Any CPU.ActiveCfg = Release|Any CPU
		{EBAB80E2-D817-4257-8F6D-15C28691C1B0}.Release|Any CPU.Build.0 = Release|Any CPU
		{EBAB80E2-D817-4257-8F6D-15C28691C1B0}.Release|ARM.ActiveCfg = Release|Any CPU
		{EBAB80E2-D817-4257-8F6D-15C28691C1B0}.Release|ARM.Build.0 = Release|Any CPU
		{EBAB80E2-D817-4257-8F6D-15C28691C1B0}.Release|ARM64.ActiveCfg = Release|Any CPU
		{EBAB80E2-D817-4257-8F6D-15C28691C1B0}.Release|ARM64.Build.0 = Release|Any CPU
		{EBAB80E2-D817-4257-8F6D-15C28691C1B0}.Release|iPhone.ActiveCfg = Release|Any CPU
		{EBAB80E2-D817-4257-8F6D-15C28691C1B0}.Release|iPhone.Build.0 = Release|Any CPU
		{EBAB80E2-D817-4257-8F6D-15C28691C1B0}.Release|iPhoneSimulator.ActiveCfg = Release|Any CPU
		{EBAB80E2-D817-4257-8F6D-15C28691C1B0}.Release|iPhoneSimulator.Build.0 = Release|Any CPU
		{EBAB80E2-D817-4257-8F6D-15C28691C1B0}.Release|x64.ActiveCfg = Release|Any CPU
		{EBAB80E2-D817-4257-8F6D-15C28691C1B0}.Release|x64.Build.0 = Release|Any CPU
		{EBAB80E2-D817-4257-8F6D-15C28691C1B0}.Release|x86.ActiveCfg = Release|Any CPU
		{EBAB80E2-D817-4257-8F6D-15C28691C1B0}.Release|x86.Build.0 = Release|Any CPU
		{74A0590A-9D5C-4873-9709-9C74636F0CB2}.Ad-Hoc|Any CPU.ActiveCfg = Debug|Any CPU
		{74A0590A-9D5C-4873-9709-9C74636F0CB2}.Ad-Hoc|Any CPU.Build.0 = Debug|Any CPU
		{74A0590A-9D5C-4873-9709-9C74636F0CB2}.Ad-Hoc|ARM.ActiveCfg = Debug|Any CPU
		{74A0590A-9D5C-4873-9709-9C74636F0CB2}.Ad-Hoc|ARM.Build.0 = Debug|Any CPU
		{74A0590A-9D5C-4873-9709-9C74636F0CB2}.Ad-Hoc|ARM64.ActiveCfg = Debug|Any CPU
		{74A0590A-9D5C-4873-9709-9C74636F0CB2}.Ad-Hoc|ARM64.Build.0 = Debug|Any CPU
		{74A0590A-9D5C-4873-9709-9C74636F0CB2}.Ad-Hoc|iPhone.ActiveCfg = Debug|Any CPU
		{74A0590A-9D5C-4873-9709-9C74636F0CB2}.Ad-Hoc|iPhone.Build.0 = Debug|Any CPU
		{74A0590A-9D5C-4873-9709-9C74636F0CB2}.Ad-Hoc|iPhoneSimulator.ActiveCfg = Debug|Any CPU
		{74A0590A-9D5C-4873-9709-9C74636F0CB2}.Ad-Hoc|iPhoneSimulator.Build.0 = Debug|Any CPU
		{74A0590A-9D5C-4873-9709-9C74636F0CB2}.Ad-Hoc|x64.ActiveCfg = Debug|Any CPU
		{74A0590A-9D5C-4873-9709-9C74636F0CB2}.Ad-Hoc|x64.Build.0 = Debug|Any CPU
		{74A0590A-9D5C-4873-9709-9C74636F0CB2}.Ad-Hoc|x86.ActiveCfg = Debug|Any CPU
		{74A0590A-9D5C-4873-9709-9C74636F0CB2}.Ad-Hoc|x86.Build.0 = Debug|Any CPU
		{74A0590A-9D5C-4873-9709-9C74636F0CB2}.AppStore|Any CPU.ActiveCfg = Debug|Any CPU
		{74A0590A-9D5C-4873-9709-9C74636F0CB2}.AppStore|Any CPU.Build.0 = Debug|Any CPU
		{74A0590A-9D5C-4873-9709-9C74636F0CB2}.AppStore|ARM.ActiveCfg = Debug|Any CPU
		{74A0590A-9D5C-4873-9709-9C74636F0CB2}.AppStore|ARM.Build.0 = Debug|Any CPU
		{74A0590A-9D5C-4873-9709-9C74636F0CB2}.AppStore|ARM64.ActiveCfg = Debug|Any CPU
		{74A0590A-9D5C-4873-9709-9C74636F0CB2}.AppStore|ARM64.Build.0 = Debug|Any CPU
		{74A0590A-9D5C-4873-9709-9C74636F0CB2}.AppStore|iPhone.ActiveCfg = Debug|Any CPU
		{74A0590A-9D5C-4873-9709-9C74636F0CB2}.AppStore|iPhone.Build.0 = Debug|Any CPU
		{74A0590A-9D5C-4873-9709-9C74636F0CB2}.AppStore|iPhoneSimulator.ActiveCfg = Debug|Any CPU
		{74A0590A-9D5C-4873-9709-9C74636F0CB2}.AppStore|iPhoneSimulator.Build.0 = Debug|Any CPU
		{74A0590A-9D5C-4873-9709-9C74636F0CB2}.AppStore|x64.ActiveCfg = Debug|Any CPU
		{74A0590A-9D5C-4873-9709-9C74636F0CB2}.AppStore|x64.Build.0 = Debug|Any CPU
		{74A0590A-9D5C-4873-9709-9C74636F0CB2}.AppStore|x86.ActiveCfg = Debug|Any CPU
		{74A0590A-9D5C-4873-9709-9C74636F0CB2}.AppStore|x86.Build.0 = Debug|Any CPU
		{74A0590A-9D5C-4873-9709-9C74636F0CB2}.Debug|Any CPU.ActiveCfg = Debug|Any CPU
		{74A0590A-9D5C-4873-9709-9C74636F0CB2}.Debug|Any CPU.Build.0 = Debug|Any CPU
		{74A0590A-9D5C-4873-9709-9C74636F0CB2}.Debug|ARM.ActiveCfg = Debug|Any CPU
		{74A0590A-9D5C-4873-9709-9C74636F0CB2}.Debug|ARM.Build.0 = Debug|Any CPU
		{74A0590A-9D5C-4873-9709-9C74636F0CB2}.Debug|ARM64.ActiveCfg = Debug|Any CPU
		{74A0590A-9D5C-4873-9709-9C74636F0CB2}.Debug|ARM64.Build.0 = Debug|Any CPU
		{74A0590A-9D5C-4873-9709-9C74636F0CB2}.Debug|iPhone.ActiveCfg = Debug|Any CPU
		{74A0590A-9D5C-4873-9709-9C74636F0CB2}.Debug|iPhone.Build.0 = Debug|Any CPU
		{74A0590A-9D5C-4873-9709-9C74636F0CB2}.Debug|iPhoneSimulator.ActiveCfg = Debug|Any CPU
		{74A0590A-9D5C-4873-9709-9C74636F0CB2}.Debug|iPhoneSimulator.Build.0 = Debug|Any CPU
		{74A0590A-9D5C-4873-9709-9C74636F0CB2}.Debug|x64.ActiveCfg = Debug|Any CPU
		{74A0590A-9D5C-4873-9709-9C74636F0CB2}.Debug|x64.Build.0 = Debug|Any CPU
		{74A0590A-9D5C-4873-9709-9C74636F0CB2}.Debug|x86.ActiveCfg = Debug|Any CPU
		{74A0590A-9D5C-4873-9709-9C74636F0CB2}.Debug|x86.Build.0 = Debug|Any CPU
		{74A0590A-9D5C-4873-9709-9C74636F0CB2}.Release|Any CPU.ActiveCfg = Release|Any CPU
		{74A0590A-9D5C-4873-9709-9C74636F0CB2}.Release|Any CPU.Build.0 = Release|Any CPU
		{74A0590A-9D5C-4873-9709-9C74636F0CB2}.Release|ARM.ActiveCfg = Release|Any CPU
		{74A0590A-9D5C-4873-9709-9C74636F0CB2}.Release|ARM.Build.0 = Release|Any CPU
		{74A0590A-9D5C-4873-9709-9C74636F0CB2}.Release|ARM64.ActiveCfg = Release|Any CPU
		{74A0590A-9D5C-4873-9709-9C74636F0CB2}.Release|ARM64.Build.0 = Release|Any CPU
		{74A0590A-9D5C-4873-9709-9C74636F0CB2}.Release|iPhone.ActiveCfg = Release|Any CPU
		{74A0590A-9D5C-4873-9709-9C74636F0CB2}.Release|iPhone.Build.0 = Release|Any CPU
		{74A0590A-9D5C-4873-9709-9C74636F0CB2}.Release|iPhoneSimulator.ActiveCfg = Release|Any CPU
		{74A0590A-9D5C-4873-9709-9C74636F0CB2}.Release|iPhoneSimulator.Build.0 = Release|Any CPU
		{74A0590A-9D5C-4873-9709-9C74636F0CB2}.Release|x64.ActiveCfg = Release|Any CPU
		{74A0590A-9D5C-4873-9709-9C74636F0CB2}.Release|x64.Build.0 = Release|Any CPU
		{74A0590A-9D5C-4873-9709-9C74636F0CB2}.Release|x86.ActiveCfg = Release|Any CPU
		{74A0590A-9D5C-4873-9709-9C74636F0CB2}.Release|x86.Build.0 = Release|Any CPU
	EndGlobalSection
	GlobalSection(SolutionProperties) = preSolution
		HideSolutionNode = FALSE
	EndGlobalSection
	GlobalSection(NestedProjects) = preSolution
		{E6E1E2CA-8894-42A8-8C2D-6E4E46B0FDCE} = {87BA04A1-FD90-48EF-88D3-0B62620A29B3}
		{8B3E204C-EDFB-44D8-AB50-7486165B5EB6} = {5639C744-CF5B-43FC-A552-D3C47B501398}
		{6EC3ABD9-5EDD-4CCF-9244-DCD81C16C2FB} = {5B2CC1B4-D949-4464-8CC6-211D491B2F27}
		{E82C7446-E1FC-48D4-B2FE-2AFA9B2801E5} = {5B2CC1B4-D949-4464-8CC6-211D491B2F27}
		{1B73C4FD-07A0-4F04-8110-99C95F2C0A04} = {7D6D301E-8727-4C55-B75F-EC014EF8C5B0}
		{D363FCCB-DE62-485B-8259-3063E268F58D} = {A49513F2-2667-4128-8B1C-18086676E7E6}
		{8ACA4805-56CB-4F73-8DEB-85430CC47D0A} = {A49513F2-2667-4128-8B1C-18086676E7E6}
		{22F5E16A-9F6D-4D9C-BA2A-2E0E58C4B472} = {A49513F2-2667-4128-8B1C-18086676E7E6}
		{3D17B6B3-8DC6-4900-9664-49A047465538} = {A49513F2-2667-4128-8B1C-18086676E7E6}
		{3187AFCF-BBCE-4A66-B0B7-1D53D19D9B2E} = {10895888-C98B-4D08-BC26-1301ACC495EE}
		{422C9154-2AF0-4702-AF1D-39FFDAB7D755} = {10895888-C98B-4D08-BC26-1301ACC495EE}
		{B1448B39-8BAA-4922-BD1B-8FC1D1B9EEAB} = {5639C744-CF5B-43FC-A552-D3C47B501398}
		{A667742A-B887-4B46-8EC1-C671E8BEC5E4} = {5639C744-CF5B-43FC-A552-D3C47B501398}
		{519380E4-B74F-446A-8B0A-3643BBC07367} = {5639C744-CF5B-43FC-A552-D3C47B501398}
		{B4380EF8-2211-4AF1-A05F-AFF9B3168182} = {519380E4-B74F-446A-8B0A-3643BBC07367}
		{EBAB80E2-D817-4257-8F6D-15C28691C1B0} = {519380E4-B74F-446A-8B0A-3643BBC07367}
		{74A0590A-9D5C-4873-9709-9C74636F0CB2} = {FCDB6F22-5342-4C1A-A4E2-928661C9859E}
	EndGlobalSection
	GlobalSection(ExtensibilityGlobals) = postSolution
		SolutionGuid = {A4B7F437-9904-4D58-BCA5-5AACEE173DDC}
	EndGlobalSection
EndGlobal
